// !$*UTF8*$!
{
	archiveVersion = 1;
	classes = {
	};
	objectVersion = 46;
	objects = {

/* Begin PBXBuildFile section */
		78237CD719552D2E00BE750D /* MainStoryboard.storyboard in Resources */ = {isa = PBXBuildFile; fileRef = 78237CD619552D2E00BE750D /* MainStoryboard.storyboard */; };
		78237CD91955843400BE750D /* Hodor.m4r in Resources */ = {isa = PBXBuildFile; fileRef = 78237CD81955843100BE750D /* Hodor.m4r */; };
		78237CDB1955853500BE750D /* Hodor.wav in Resources */ = {isa = PBXBuildFile; fileRef = 78237CDA1955853500BE750D /* Hodor.wav */; };
		78237CDF1955867500BE750D /* HDRHomeViewController.m in Sources */ = {isa = PBXBuildFile; fileRef = 78237CDE1955867500BE750D /* HDRHomeViewController.m */; };
		78237CE41955875900BE750D /* HDRHomeTableViewCell.m in Sources */ = {isa = PBXBuildFile; fileRef = 78237CE21955875900BE750D /* HDRHomeTableViewCell.m */; };
		78237CE51955875900BE750D /* HDRHomeTableViewCell.xib in Resources */ = {isa = PBXBuildFile; fileRef = 78237CE31955875900BE750D /* HDRHomeTableViewCell.xib */; };
		78237CE91956814300BE750D /* HDRAddUserNameTableViewCell.m in Sources */ = {isa = PBXBuildFile; fileRef = 78237CE71956814300BE750D /* HDRAddUserNameTableViewCell.m */; };
		78237CEA1956814300BE750D /* HDRAddUserNameTableViewCell.xib in Resources */ = {isa = PBXBuildFile; fileRef = 78237CE81956814300BE750D /* HDRAddUserNameTableViewCell.xib */; };
		78237CEE195690FA00BE750D /* HDRSetupViewController.m in Sources */ = {isa = PBXBuildFile; fileRef = 78237CED195690FA00BE750D /* HDRSetupViewController.m */; };
		78237CF2195698B200BE750D /* HDRInviteTableViewCell.m in Sources */ = {isa = PBXBuildFile; fileRef = 78237CF0195698B200BE750D /* HDRInviteTableViewCell.m */; };
		78237CF3195698B200BE750D /* HDRInviteTableViewCell.xib in Resources */ = {isa = PBXBuildFile; fileRef = 78237CF1195698B200BE750D /* HDRInviteTableViewCell.xib */; };
		78CCE69919552C46009EA16B /* Foundation.framework in Frameworks */ = {isa = PBXBuildFile; fileRef = 78CCE69819552C46009EA16B /* Foundation.framework */; };
		78CCE69B19552C46009EA16B /* CoreGraphics.framework in Frameworks */ = {isa = PBXBuildFile; fileRef = 78CCE69A19552C46009EA16B /* CoreGraphics.framework */; };
		78CCE69D19552C46009EA16B /* UIKit.framework in Frameworks */ = {isa = PBXBuildFile; fileRef = 78CCE69C19552C46009EA16B /* UIKit.framework */; };
		78CCE6A319552C46009EA16B /* InfoPlist.strings in Resources */ = {isa = PBXBuildFile; fileRef = 78CCE6A119552C46009EA16B /* InfoPlist.strings */; };
		78CCE6A519552C46009EA16B /* main.m in Sources */ = {isa = PBXBuildFile; fileRef = 78CCE6A419552C46009EA16B /* main.m */; };
		78CCE6A919552C46009EA16B /* HDRAppDelegate.m in Sources */ = {isa = PBXBuildFile; fileRef = 78CCE6A819552C46009EA16B /* HDRAppDelegate.m */; };
		78CCE6AB19552C46009EA16B /* Images.xcassets in Resources */ = {isa = PBXBuildFile; fileRef = 78CCE6AA19552C46009EA16B /* Images.xcassets */; };
		78CCE6B219552C46009EA16B /* XCTest.framework in Frameworks */ = {isa = PBXBuildFile; fileRef = 78CCE6B119552C46009EA16B /* XCTest.framework */; };
		78CCE6B319552C46009EA16B /* Foundation.framework in Frameworks */ = {isa = PBXBuildFile; fileRef = 78CCE69819552C46009EA16B /* Foundation.framework */; };
		78CCE6B419552C46009EA16B /* UIKit.framework in Frameworks */ = {isa = PBXBuildFile; fileRef = 78CCE69C19552C46009EA16B /* UIKit.framework */; };
		78CCE6BC19552C46009EA16B /* InfoPlist.strings in Resources */ = {isa = PBXBuildFile; fileRef = 78CCE6BA19552C46009EA16B /* InfoPlist.strings */; };
		78CCE6BE19552C46009EA16B /* HodorTests.m in Sources */ = {isa = PBXBuildFile; fileRef = 78CCE6BD19552C46009EA16B /* HodorTests.m */; };
/* End PBXBuildFile section */

/* Begin PBXContainerItemProxy section */
		78CCE6B519552C46009EA16B /* PBXContainerItemProxy */ = {
			isa = PBXContainerItemProxy;
			containerPortal = 78CCE68D19552C46009EA16B /* Project object */;
			proxyType = 1;
			remoteGlobalIDString = 78CCE69419552C46009EA16B;
			remoteInfo = Hodor;
		};
/* End PBXContainerItemProxy section */

/* Begin PBXFileReference section */
		78237CD619552D2E00BE750D /* MainStoryboard.storyboard */ = {isa = PBXFileReference; fileEncoding = 4; lastKnownFileType = file.storyboard; path = MainStoryboard.storyboard; sourceTree = "<group>"; };
		78237CD81955843100BE750D /* Hodor.m4r */ = {isa = PBXFileReference; lastKnownFileType = file; path = Hodor.m4r; sourceTree = "<group>"; };
		78237CDA1955853500BE750D /* Hodor.wav */ = {isa = PBXFileReference; lastKnownFileType = audio.wav; path = Hodor.wav; sourceTree = "<group>"; };
		78237CDD1955867500BE750D /* HDRHomeViewController.h */ = {isa = PBXFileReference; fileEncoding = 4; lastKnownFileType = sourcecode.c.h; path = HDRHomeViewController.h; sourceTree = "<group>"; };
		78237CDE1955867500BE750D /* HDRHomeViewController.m */ = {isa = PBXFileReference; fileEncoding = 4; lastKnownFileType = sourcecode.c.objc; path = HDRHomeViewController.m; sourceTree = "<group>"; };
		78237CE11955875900BE750D /* HDRHomeTableViewCell.h */ = {isa = PBXFileReference; fileEncoding = 4; lastKnownFileType = sourcecode.c.h; path = HDRHomeTableViewCell.h; sourceTree = "<group>"; };
		78237CE21955875900BE750D /* HDRHomeTableViewCell.m */ = {isa = PBXFileReference; fileEncoding = 4; lastKnownFileType = sourcecode.c.objc; path = HDRHomeTableViewCell.m; sourceTree = "<group>"; };
		78237CE31955875900BE750D /* HDRHomeTableViewCell.xib */ = {isa = PBXFileReference; fileEncoding = 4; lastKnownFileType = file.xib; path = HDRHomeTableViewCell.xib; sourceTree = "<group>"; };
		78237CE61956814300BE750D /* HDRAddUserNameTableViewCell.h */ = {isa = PBXFileReference; fileEncoding = 4; lastKnownFileType = sourcecode.c.h; path = HDRAddUserNameTableViewCell.h; sourceTree = "<group>"; };
		78237CE71956814300BE750D /* HDRAddUserNameTableViewCell.m */ = {isa = PBXFileReference; fileEncoding = 4; lastKnownFileType = sourcecode.c.objc; path = HDRAddUserNameTableViewCell.m; sourceTree = "<group>"; };
		78237CE81956814300BE750D /* HDRAddUserNameTableViewCell.xib */ = {isa = PBXFileReference; fileEncoding = 4; lastKnownFileType = file.xib; path = HDRAddUserNameTableViewCell.xib; sourceTree = "<group>"; };
		78237CEC195690FA00BE750D /* HDRSetupViewController.h */ = {isa = PBXFileReference; fileEncoding = 4; lastKnownFileType = sourcecode.c.h; path = HDRSetupViewController.h; sourceTree = "<group>"; };
		78237CED195690FA00BE750D /* HDRSetupViewController.m */ = {isa = PBXFileReference; fileEncoding = 4; lastKnownFileType = sourcecode.c.objc; path = HDRSetupViewController.m; sourceTree = "<group>"; };
		78237CEF195698B200BE750D /* HDRInviteTableViewCell.h */ = {isa = PBXFileReference; fileEncoding = 4; lastKnownFileType = sourcecode.c.h; path = HDRInviteTableViewCell.h; sourceTree = "<group>"; };
		78237CF0195698B200BE750D /* HDRInviteTableViewCell.m */ = {isa = PBXFileReference; fileEncoding = 4; lastKnownFileType = sourcecode.c.objc; path = HDRInviteTableViewCell.m; sourceTree = "<group>"; };
		78237CF1195698B200BE750D /* HDRInviteTableViewCell.xib */ = {isa = PBXFileReference; fileEncoding = 4; lastKnownFileType = file.xib; path = HDRInviteTableViewCell.xib; sourceTree = "<group>"; };
		78CCE69519552C46009EA16B /* Hodor.app */ = {isa = PBXFileReference; explicitFileType = wrapper.application; includeInIndex = 0; path = Hodor.app; sourceTree = BUILT_PRODUCTS_DIR; };
		78CCE69819552C46009EA16B /* Foundation.framework */ = {isa = PBXFileReference; lastKnownFileType = wrapper.framework; name = Foundation.framework; path = System/Library/Frameworks/Foundation.framework; sourceTree = SDKROOT; };
		78CCE69A19552C46009EA16B /* CoreGraphics.framework */ = {isa = PBXFileReference; lastKnownFileType = wrapper.framework; name = CoreGraphics.framework; path = System/Library/Frameworks/CoreGraphics.framework; sourceTree = SDKROOT; };
		78CCE69C19552C46009EA16B /* UIKit.framework */ = {isa = PBXFileReference; lastKnownFileType = wrapper.framework; name = UIKit.framework; path = System/Library/Frameworks/UIKit.framework; sourceTree = SDKROOT; };
		78CCE6A019552C46009EA16B /* Hodor-Info.plist */ = {isa = PBXFileReference; lastKnownFileType = text.plist.xml; path = "Hodor-Info.plist"; sourceTree = "<group>"; };
		78CCE6A219552C46009EA16B /* en */ = {isa = PBXFileReference; lastKnownFileType = text.plist.strings; name = en; path = en.lproj/InfoPlist.strings; sourceTree = "<group>"; };
		78CCE6A419552C46009EA16B /* main.m */ = {isa = PBXFileReference; lastKnownFileType = sourcecode.c.objc; path = main.m; sourceTree = "<group>"; };
		78CCE6A619552C46009EA16B /* Hodor-Prefix.pch */ = {isa = PBXFileReference; lastKnownFileType = sourcecode.c.h; path = "Hodor-Prefix.pch"; sourceTree = "<group>"; };
		78CCE6A719552C46009EA16B /* HDRAppDelegate.h */ = {isa = PBXFileReference; lastKnownFileType = sourcecode.c.h; path = HDRAppDelegate.h; sourceTree = "<group>"; };
		78CCE6A819552C46009EA16B /* HDRAppDelegate.m */ = {isa = PBXFileReference; lastKnownFileType = sourcecode.c.objc; path = HDRAppDelegate.m; sourceTree = "<group>"; };
		78CCE6AA19552C46009EA16B /* Images.xcassets */ = {isa = PBXFileReference; lastKnownFileType = folder.assetcatalog; path = Images.xcassets; sourceTree = "<group>"; };
		78CCE6B019552C46009EA16B /* HodorTests.xctest */ = {isa = PBXFileReference; explicitFileType = wrapper.cfbundle; includeInIndex = 0; path = HodorTests.xctest; sourceTree = BUILT_PRODUCTS_DIR; };
		78CCE6B119552C46009EA16B /* XCTest.framework */ = {isa = PBXFileReference; lastKnownFileType = wrapper.framework; name = XCTest.framework; path = Library/Frameworks/XCTest.framework; sourceTree = DEVELOPER_DIR; };
		78CCE6B919552C46009EA16B /* HodorTests-Info.plist */ = {isa = PBXFileReference; lastKnownFileType = text.plist.xml; path = "HodorTests-Info.plist"; sourceTree = "<group>"; };
		78CCE6BB19552C46009EA16B /* en */ = {isa = PBXFileReference; lastKnownFileType = text.plist.strings; name = en; path = en.lproj/InfoPlist.strings; sourceTree = "<group>"; };
		78CCE6BD19552C46009EA16B /* HodorTests.m */ = {isa = PBXFileReference; lastKnownFileType = sourcecode.c.objc; path = HodorTests.m; sourceTree = "<group>"; };
/* End PBXFileReference section */

/* Begin PBXFrameworksBuildPhase section */
		78CCE69219552C46009EA16B /* Frameworks */ = {
			isa = PBXFrameworksBuildPhase;
			buildActionMask = 2147483647;
			files = (
				78CCE69B19552C46009EA16B /* CoreGraphics.framework in Frameworks */,
				78CCE69D19552C46009EA16B /* UIKit.framework in Frameworks */,
				78CCE69919552C46009EA16B /* Foundation.framework in Frameworks */,
			);
			runOnlyForDeploymentPostprocessing = 0;
		};
		78CCE6AD19552C46009EA16B /* Frameworks */ = {
			isa = PBXFrameworksBuildPhase;
			buildActionMask = 2147483647;
			files = (
				78CCE6B219552C46009EA16B /* XCTest.framework in Frameworks */,
				78CCE6B419552C46009EA16B /* UIKit.framework in Frameworks */,
				78CCE6B319552C46009EA16B /* Foundation.framework in Frameworks */,
			);
			runOnlyForDeploymentPostprocessing = 0;
		};
/* End PBXFrameworksBuildPhase section */

/* Begin PBXGroup section */
		78237CDC1955864500BE750D /* View Controllers */ = {
			isa = PBXGroup;
			children = (
				78237CEB195690DC00BE750D /* Setup */,
				78237CE01955873400BE750D /* Home */,
			);
			name = "View Controllers";
			sourceTree = "<group>";
		};
		78237CE01955873400BE750D /* Home */ = {
			isa = PBXGroup;
			children = (
				78237CEF195698B200BE750D /* HDRInviteTableViewCell.h */,
				78237CF0195698B200BE750D /* HDRInviteTableViewCell.m */,
				78237CF1195698B200BE750D /* HDRInviteTableViewCell.xib */,
				78237CE61956814300BE750D /* HDRAddUserNameTableViewCell.h */,
				78237CE71956814300BE750D /* HDRAddUserNameTableViewCell.m */,
				78237CE81956814300BE750D /* HDRAddUserNameTableViewCell.xib */,
				78237CE11955875900BE750D /* HDRHomeTableViewCell.h */,
				78237CE21955875900BE750D /* HDRHomeTableViewCell.m */,
				78237CE31955875900BE750D /* HDRHomeTableViewCell.xib */,
				78237CDD1955867500BE750D /* HDRHomeViewController.h */,
				78237CDE1955867500BE750D /* HDRHomeViewController.m */,
			);
			name = Home;
			sourceTree = "<group>";
		};
		78237CEB195690DC00BE750D /* Setup */ = {
			isa = PBXGroup;
			children = (
				78237CEC195690FA00BE750D /* HDRSetupViewController.h */,
				78237CED195690FA00BE750D /* HDRSetupViewController.m */,
			);
			name = Setup;
			sourceTree = "<group>";
		};
		78CCE68C19552C46009EA16B = {
			isa = PBXGroup;
			children = (
				78CCE69E19552C46009EA16B /* Hodor */,
				78CCE6B719552C46009EA16B /* HodorTests */,
				78CCE69719552C46009EA16B /* Frameworks */,
				78CCE69619552C46009EA16B /* Products */,
			);
			sourceTree = "<group>";
		};
		78CCE69619552C46009EA16B /* Products */ = {
			isa = PBXGroup;
			children = (
				78CCE69519552C46009EA16B /* Hodor.app */,
				78CCE6B019552C46009EA16B /* HodorTests.xctest */,
			);
			name = Products;
			sourceTree = "<group>";
		};
		78CCE69719552C46009EA16B /* Frameworks */ = {
			isa = PBXGroup;
			children = (
				78CCE69819552C46009EA16B /* Foundation.framework */,
				78CCE69A19552C46009EA16B /* CoreGraphics.framework */,
				78CCE69C19552C46009EA16B /* UIKit.framework */,
				78CCE6B119552C46009EA16B /* XCTest.framework */,
			);
			name = Frameworks;
			sourceTree = "<group>";
		};
		78CCE69E19552C46009EA16B /* Hodor */ = {
			isa = PBXGroup;
			children = (
				78237CDC1955864500BE750D /* View Controllers */,
				78CCE6A719552C46009EA16B /* HDRAppDelegate.h */,
				78CCE6A819552C46009EA16B /* HDRAppDelegate.m */,
				78CCE6AA19552C46009EA16B /* Images.xcassets */,
				78CCE69F19552C46009EA16B /* Supporting Files */,
				78237CD619552D2E00BE750D /* MainStoryboard.storyboard */,
			);
			path = Hodor;
			sourceTree = "<group>";
		};
		78CCE69F19552C46009EA16B /* Supporting Files */ = {
			isa = PBXGroup;
			children = (
				78237CDA1955853500BE750D /* Hodor.wav */,
				78237CD81955843100BE750D /* Hodor.m4r */,
				78CCE6A019552C46009EA16B /* Hodor-Info.plist */,
				78CCE6A119552C46009EA16B /* InfoPlist.strings */,
				78CCE6A419552C46009EA16B /* main.m */,
				78CCE6A619552C46009EA16B /* Hodor-Prefix.pch */,
			);
			name = "Supporting Files";
			sourceTree = "<group>";
		};
		78CCE6B719552C46009EA16B /* HodorTests */ = {
			isa = PBXGroup;
			children = (
				78CCE6BD19552C46009EA16B /* HodorTests.m */,
				78CCE6B819552C46009EA16B /* Supporting Files */,
			);
			path = HodorTests;
			sourceTree = "<group>";
		};
		78CCE6B819552C46009EA16B /* Supporting Files */ = {
			isa = PBXGroup;
			children = (
				78CCE6B919552C46009EA16B /* HodorTests-Info.plist */,
				78CCE6BA19552C46009EA16B /* InfoPlist.strings */,
			);
			name = "Supporting Files";
			sourceTree = "<group>";
		};
/* End PBXGroup section */

/* Begin PBXNativeTarget section */
		78CCE69419552C46009EA16B /* Hodor */ = {
			isa = PBXNativeTarget;
			buildConfigurationList = 78CCE6C119552C46009EA16B /* Build configuration list for PBXNativeTarget "Hodor" */;
			buildPhases = (
				78CCE69119552C46009EA16B /* Sources */,
				78CCE69219552C46009EA16B /* Frameworks */,
				78CCE69319552C46009EA16B /* Resources */,
			);
			buildRules = (
			);
			dependencies = (
			);
			name = Hodor;
			productName = Hodor;
			productReference = 78CCE69519552C46009EA16B /* Hodor.app */;
			productType = "com.apple.product-type.application";
		};
		78CCE6AF19552C46009EA16B /* HodorTests */ = {
			isa = PBXNativeTarget;
			buildConfigurationList = 78CCE6C419552C46009EA16B /* Build configuration list for PBXNativeTarget "HodorTests" */;
			buildPhases = (
				78CCE6AC19552C46009EA16B /* Sources */,
				78CCE6AD19552C46009EA16B /* Frameworks */,
				78CCE6AE19552C46009EA16B /* Resources */,
			);
			buildRules = (
			);
			dependencies = (
				78CCE6B619552C46009EA16B /* PBXTargetDependency */,
			);
			name = HodorTests;
			productName = HodorTests;
			productReference = 78CCE6B019552C46009EA16B /* HodorTests.xctest */;
			productType = "com.apple.product-type.bundle.unit-test";
		};
/* End PBXNativeTarget section */

/* Begin PBXProject section */
		78CCE68D19552C46009EA16B /* Project object */ = {
			isa = PBXProject;
			attributes = {
				CLASSPREFIX = HDR;
				LastUpgradeCheck = 0510;
				ORGANIZATIONNAME = "Troupe Of Vagrants";
				TargetAttributes = {
					78CCE69419552C46009EA16B = {
						SystemCapabilities = {
							com.apple.BackgroundModes = {
								enabled = 1;
							};
						};
					};
					78CCE6AF19552C46009EA16B = {
						TestTargetID = 78CCE69419552C46009EA16B;
					};
				};
			};
			buildConfigurationList = 78CCE69019552C46009EA16B /* Build configuration list for PBXProject "Hodor" */;
			compatibilityVersion = "Xcode 3.2";
			developmentRegion = English;
			hasScannedForEncodings = 0;
			knownRegions = (
				en,
			);
			mainGroup = 78CCE68C19552C46009EA16B;
			productRefGroup = 78CCE69619552C46009EA16B /* Products */;
			projectDirPath = "";
			projectRoot = "";
			targets = (
				78CCE69419552C46009EA16B /* Hodor */,
				78CCE6AF19552C46009EA16B /* HodorTests */,
			);
		};
/* End PBXProject section */

/* Begin PBXResourcesBuildPhase section */
		78CCE69319552C46009EA16B /* Resources */ = {
			isa = PBXResourcesBuildPhase;
			buildActionMask = 2147483647;
			files = (
				78237CD719552D2E00BE750D /* MainStoryboard.storyboard in Resources */,
				78237CE51955875900BE750D /* HDRHomeTableViewCell.xib in Resources */,
				78CCE6A319552C46009EA16B /* InfoPlist.strings in Resources */,
				78237CF3195698B200BE750D /* HDRInviteTableViewCell.xib in Resources */,
				78237CD91955843400BE750D /* Hodor.m4r in Resources */,
				78237CEA1956814300BE750D /* HDRAddUserNameTableViewCell.xib in Resources */,
				78CCE6AB19552C46009EA16B /* Images.xcassets in Resources */,
				78237CDB1955853500BE750D /* Hodor.wav in Resources */,
			);
			runOnlyForDeploymentPostprocessing = 0;
		};
		78CCE6AE19552C46009EA16B /* Resources */ = {
			isa = PBXResourcesBuildPhase;
			buildActionMask = 2147483647;
			files = (
				78CCE6BC19552C46009EA16B /* InfoPlist.strings in Resources */,
			);
			runOnlyForDeploymentPostprocessing = 0;
		};
/* End PBXResourcesBuildPhase section */

/* Begin PBXSourcesBuildPhase section */
		78CCE69119552C46009EA16B /* Sources */ = {
			isa = PBXSourcesBuildPhase;
			buildActionMask = 2147483647;
			files = (
				78CCE6A519552C46009EA16B /* main.m in Sources */,
				78237CE91956814300BE750D /* HDRAddUserNameTableViewCell.m in Sources */,
				78CCE6A919552C46009EA16B /* HDRAppDelegate.m in Sources */,
				78237CDF1955867500BE750D /* HDRHomeViewController.m in Sources */,
				78237CE41955875900BE750D /* HDRHomeTableViewCell.m in Sources */,
				78237CEE195690FA00BE750D /* HDRSetupViewController.m in Sources */,
				78237CF2195698B200BE750D /* HDRInviteTableViewCell.m in Sources */,
			);
			runOnlyForDeploymentPostprocessing = 0;
		};
		78CCE6AC19552C46009EA16B /* Sources */ = {
			isa = PBXSourcesBuildPhase;
			buildActionMask = 2147483647;
			files = (
				78CCE6BE19552C46009EA16B /* HodorTests.m in Sources */,
			);
			runOnlyForDeploymentPostprocessing = 0;
		};
/* End PBXSourcesBuildPhase section */

/* Begin PBXTargetDependency section */
		78CCE6B619552C46009EA16B /* PBXTargetDependency */ = {
			isa = PBXTargetDependency;
			target = 78CCE69419552C46009EA16B /* Hodor */;
			targetProxy = 78CCE6B519552C46009EA16B /* PBXContainerItemProxy */;
		};
/* End PBXTargetDependency section */

/* Begin PBXVariantGroup section */
		78CCE6A119552C46009EA16B /* InfoPlist.strings */ = {
			isa = PBXVariantGroup;
			children = (
				78CCE6A219552C46009EA16B /* en */,
			);
			name = InfoPlist.strings;
			sourceTree = "<group>";
		};
		78CCE6BA19552C46009EA16B /* InfoPlist.strings */ = {
			isa = PBXVariantGroup;
			children = (
				78CCE6BB19552C46009EA16B /* en */,
			);
			name = InfoPlist.strings;
			sourceTree = "<group>";
		};
/* End PBXVariantGroup section */

/* Begin XCBuildConfiguration section */
		78CCE6BF19552C46009EA16B /* Debug */ = {
			isa = XCBuildConfiguration;
			buildSettings = {
				ALWAYS_SEARCH_USER_PATHS = NO;
				CLANG_CXX_LANGUAGE_STANDARD = "gnu++0x";
				CLANG_CXX_LIBRARY = "libc++";
				CLANG_ENABLE_MODULES = YES;
				CLANG_ENABLE_OBJC_ARC = YES;
				CLANG_WARN_BOOL_CONVERSION = YES;
				CLANG_WARN_CONSTANT_CONVERSION = YES;
				CLANG_WARN_DIRECT_OBJC_ISA_USAGE = YES_ERROR;
				CLANG_WARN_EMPTY_BODY = YES;
				CLANG_WARN_ENUM_CONVERSION = YES;
				CLANG_WARN_INT_CONVERSION = YES;
				CLANG_WARN_OBJC_ROOT_CLASS = YES_ERROR;
				CLANG_WARN__DUPLICATE_METHOD_MATCH = YES;
				"CODE_SIGN_IDENTITY[sdk=iphoneos*]" = "iPhone Developer";
				COPY_PHASE_STRIP = NO;
				GCC_C_LANGUAGE_STANDARD = gnu99;
				GCC_DYNAMIC_NO_PIC = NO;
				GCC_OPTIMIZATION_LEVEL = 0;
				GCC_PREPROCESSOR_DEFINITIONS = (
					"DEBUG=1",
					"$(inherited)",
				);
				GCC_SYMBOLS_PRIVATE_EXTERN = NO;
				GCC_WARN_64_TO_32_BIT_CONVERSION = YES;
				GCC_WARN_ABOUT_RETURN_TYPE = YES_ERROR;
				GCC_WARN_UNDECLARED_SELECTOR = YES;
				GCC_WARN_UNINITIALIZED_AUTOS = YES_AGGRESSIVE;
				GCC_WARN_UNUSED_FUNCTION = YES;
				GCC_WARN_UNUSED_VARIABLE = YES;
				IPHONEOS_DEPLOYMENT_TARGET = 7.1;
				ONLY_ACTIVE_ARCH = YES;
				SDKROOT = iphoneos;
			};
			name = Debug;
		};
		78CCE6C019552C46009EA16B /* Release */ = {
			isa = XCBuildConfiguration;
			buildSettings = {
				ALWAYS_SEARCH_USER_PATHS = NO;
				CLANG_CXX_LANGUAGE_STANDARD = "gnu++0x";
				CLANG_CXX_LIBRARY = "libc++";
				CLANG_ENABLE_MODULES = YES;
				CLANG_ENABLE_OBJC_ARC = YES;
				CLANG_WARN_BOOL_CONVERSION = YES;
				CLANG_WARN_CONSTANT_CONVERSION = YES;
				CLANG_WARN_DIRECT_OBJC_ISA_USAGE = YES_ERROR;
				CLANG_WARN_EMPTY_BODY = YES;
				CLANG_WARN_ENUM_CONVERSION = YES;
				CLANG_WARN_INT_CONVERSION = YES;
				CLANG_WARN_OBJC_ROOT_CLASS = YES_ERROR;
				CLANG_WARN__DUPLICATE_METHOD_MATCH = YES;
				"CODE_SIGN_IDENTITY[sdk=iphoneos*]" = "iPhone Developer";
				COPY_PHASE_STRIP = YES;
				ENABLE_NS_ASSERTIONS = NO;
				GCC_C_LANGUAGE_STANDARD = gnu99;
				GCC_WARN_64_TO_32_BIT_CONVERSION = YES;
				GCC_WARN_ABOUT_RETURN_TYPE = YES_ERROR;
				GCC_WARN_UNDECLARED_SELECTOR = YES;
				GCC_WARN_UNINITIALIZED_AUTOS = YES_AGGRESSIVE;
				GCC_WARN_UNUSED_FUNCTION = YES;
				GCC_WARN_UNUSED_VARIABLE = YES;
				IPHONEOS_DEPLOYMENT_TARGET = 7.1;
				SDKROOT = iphoneos;
				VALIDATE_PRODUCT = YES;
			};
			name = Release;
		};
		78CCE6C219552C46009EA16B /* Debug */ = {
			isa = XCBuildConfiguration;
			buildSettings = {
				ASSETCATALOG_COMPILER_APPICON_NAME = AppIcon;
				ASSETCATALOG_COMPILER_LAUNCHIMAGE_NAME = LaunchImage;
				GCC_PRECOMPILE_PREFIX_HEADER = YES;
				GCC_PREFIX_HEADER = "Hodor/Hodor-Prefix.pch";
				INFOPLIST_FILE = "Hodor/Hodor-Info.plist";
				PRODUCT_NAME = "$(TARGET_NAME)";
				WRAPPER_EXTENSION = app;
			};
			name = Debug;
		};
		78CCE6C319552C46009EA16B /* Release */ = {
			isa = XCBuildConfiguration;
			buildSettings = {
				ASSETCATALOG_COMPILER_APPICON_NAME = AppIcon;
				ASSETCATALOG_COMPILER_LAUNCHIMAGE_NAME = LaunchImage;
				GCC_PRECOMPILE_PREFIX_HEADER = YES;
				GCC_PREFIX_HEADER = "Hodor/Hodor-Prefix.pch";
				INFOPLIST_FILE = "Hodor/Hodor-Info.plist";
				PRODUCT_NAME = "$(TARGET_NAME)";
				WRAPPER_EXTENSION = app;
			};
			name = Release;
		};
		78CCE6C519552C46009EA16B /* Debug */ = {
			isa = XCBuildConfiguration;
			buildSettings = {
				BUNDLE_LOADER = "$(BUILT_PRODUCTS_DIR)/Hodor.app/Hodor";
				FRAMEWORK_SEARCH_PATHS = (
					"$(SDKROOT)/Developer/Library/Frameworks",
					"$(inherited)",
					"$(DEVELOPER_FRAMEWORKS_DIR)",
				);
				GCC_PRECOMPILE_PREFIX_HEADER = YES;
				GCC_PREFIX_HEADER = "Hodor/Hodor-Prefix.pch";
				GCC_PREPROCESSOR_DEFINITIONS = (
					"DEBUG=1",
					"$(inherited)",
				);
				INFOPLIST_FILE = "HodorTests/HodorTests-Info.plist";
				PRODUCT_NAME = "$(TARGET_NAME)";
				TEST_HOST = "$(BUNDLE_LOADER)";
				WRAPPER_EXTENSION = xctest;
			};
			name = Debug;
		};
		78CCE6C619552C46009EA16B /* Release */ = {
			isa = XCBuildConfiguration;
			buildSettings = {
				BUNDLE_LOADER = "$(BUILT_PRODUCTS_DIR)/Hodor.app/Hodor";
				FRAMEWORK_SEARCH_PATHS = (
					"$(SDKROOT)/Developer/Library/Frameworks",
					"$(inherited)",
					"$(DEVELOPER_FRAMEWORKS_DIR)",
				);
				GCC_PRECOMPILE_PREFIX_HEADER = YES;
				GCC_PREFIX_HEADER = "Hodor/Hodor-Prefix.pch";
				INFOPLIST_FILE = "HodorTests/HodorTests-Info.plist";
				PRODUCT_NAME = "$(TARGET_NAME)";
				TEST_HOST = "$(BUNDLE_LOADER)";
				WRAPPER_EXTENSION = xctest;
			};
			name = Release;
		};
/* End XCBuildConfiguration section */

/* Begin XCConfigurationList section */
		78CCE69019552C46009EA16B /* Build configuration list for PBXProject "Hodor" */ = {
			isa = XCConfigurationList;
			buildConfigurations = (
				78CCE6BF19552C46009EA16B /* Debug */,
				78CCE6C019552C46009EA16B /* Release */,
			);
			defaultConfigurationIsVisible = 0;
			defaultConfigurationName = Release;
		};
		78CCE6C119552C46009EA16B /* Build configuration list for PBXNativeTarget "Hodor" */ = {
			isa = XCConfigurationList;
			buildConfigurations = (
				78CCE6C219552C46009EA16B /* Debug */,
				78CCE6C319552C46009EA16B /* Release */,
			);
			defaultConfigurationIsVisible = 0;
			defaultConfigurationName = Release;
		};
		78CCE6C419552C46009EA16B /* Build configuration list for PBXNativeTarget "HodorTests" */ = {
			isa = XCConfigurationList;
			buildConfigurations = (
				78CCE6C519552C46009EA16B /* Debug */,
				78CCE6C619552C46009EA16B /* Release */,
			);
			defaultConfigurationIsVisible = 0;
			defaultConfigurationName = Release;
		};
/* End XCConfigurationList section */
	};
	rootObject = 78CCE68D19552C46009EA16B /* Project object */;
}
