// !$*UTF8*$!
{
	archiveVersion = 1;
	classes = {
	};
	objectVersion = 46;
	objects = {

/* Begin PBXBuildFile section */
		780AFEA0196FB4F900596CC6 /* UIImage+ImageEffects.m in Sources */ = {isa = PBXBuildFile; fileRef = 780AFE9F196FB4F900596CC6 /* UIImage+ImageEffects.m */; };
		780AFEA5196FB52800596CC6 /* HDRListBox.m in Sources */ = {isa = PBXBuildFile; fileRef = 780AFEA3196FB52800596CC6 /* HDRListBox.m */; };
		780AFEA6196FB52800596CC6 /* HDRListBox.xib in Resources */ = {isa = PBXBuildFile; fileRef = 780AFEA4196FB52800596CC6 /* HDRListBox.xib */; };
		78237CD719552D2E00BE750D /* MainStoryboard.storyboard in Resources */ = {isa = PBXBuildFile; fileRef = 78237CD619552D2E00BE750D /* MainStoryboard.storyboard */; };
		78237CDB1955853500BE750D /* Hodor1.wav in Resources */ = {isa = PBXBuildFile; fileRef = 78237CDA1955853500BE750D /* Hodor1.wav */; };
		78237CDF1955867500BE750D /* HDRHomeViewController.m in Sources */ = {isa = PBXBuildFile; fileRef = 78237CDE1955867500BE750D /* HDRHomeViewController.m */; };
		78237CE41955875900BE750D /* HDRHomeTableViewCell.m in Sources */ = {isa = PBXBuildFile; fileRef = 78237CE21955875900BE750D /* HDRHomeTableViewCell.m */; };
		78237CE51955875900BE750D /* HDRHomeTableViewCell.xib in Resources */ = {isa = PBXBuildFile; fileRef = 78237CE31955875900BE750D /* HDRHomeTableViewCell.xib */; };
		78237CE91956814300BE750D /* HDRAddUserNameTableViewCell.m in Sources */ = {isa = PBXBuildFile; fileRef = 78237CE71956814300BE750D /* HDRAddUserNameTableViewCell.m */; };
		78237CEA1956814300BE750D /* HDRAddUserNameTableViewCell.xib in Resources */ = {isa = PBXBuildFile; fileRef = 78237CE81956814300BE750D /* HDRAddUserNameTableViewCell.xib */; };
		78237CEE195690FA00BE750D /* HDRSetupViewController.m in Sources */ = {isa = PBXBuildFile; fileRef = 78237CED195690FA00BE750D /* HDRSetupViewController.m */; };
		78237CF2195698B200BE750D /* HDRInviteTableViewCell.m in Sources */ = {isa = PBXBuildFile; fileRef = 78237CF0195698B200BE750D /* HDRInviteTableViewCell.m */; };
		78237CF3195698B200BE750D /* HDRInviteTableViewCell.xib in Resources */ = {isa = PBXBuildFile; fileRef = 78237CF1195698B200BE750D /* HDRInviteTableViewCell.xib */; };
		78237CF61956991300BE750D /* HDRTableViewCell.m in Sources */ = {isa = PBXBuildFile; fileRef = 78237CF51956991300BE750D /* HDRTableViewCell.m */; };
		78237CF919569B7F00BE750D /* AddressBook.framework in Frameworks */ = {isa = PBXBuildFile; fileRef = 78237CF719569B7F00BE750D /* AddressBook.framework */; };
		78237CFA19569B7F00BE750D /* AddressBookUI.framework in Frameworks */ = {isa = PBXBuildFile; fileRef = 78237CF819569B7F00BE750D /* AddressBookUI.framework */; };
		78237CFE1956A22000BE750D /* HDRCurrentUser.m in Sources */ = {isa = PBXBuildFile; fileRef = 78237CFD1956A22000BE750D /* HDRCurrentUser.m */; };
		78237D011956B78400BE750D /* HDRCommon.m in Sources */ = {isa = PBXBuildFile; fileRef = 78237D001956B78400BE750D /* HDRCommon.m */; };
		78237D041956BA6E00BE750D /* HDRNetworkProvider.m in Sources */ = {isa = PBXBuildFile; fileRef = 78237D031956BA6E00BE750D /* HDRNetworkProvider.m */; };
		78237D071956BE1800BE750D /* HDRFriends.m in Sources */ = {isa = PBXBuildFile; fileRef = 78237D061956BE1800BE750D /* HDRFriends.m */; };
		78237D0B1956BE5B00BE750D /* HDRUser.m in Sources */ = {isa = PBXBuildFile; fileRef = 78237D0A1956BE5B00BE750D /* HDRUser.m */; };
		786057E819A2DA940007C505 /* AVFoundation.framework in Frameworks */ = {isa = PBXBuildFile; fileRef = 786057E719A2DA940007C505 /* AVFoundation.framework */; };
		786182DA1994C6FF00B4BEFD /* 1.wav in Resources */ = {isa = PBXBuildFile; fileRef = 786182D01994C6FF00B4BEFD /* 1.wav */; };
		786182DB1994C6FF00B4BEFD /* 2.wav in Resources */ = {isa = PBXBuildFile; fileRef = 786182D11994C6FF00B4BEFD /* 2.wav */; };
		786182DD1994C6FF00B4BEFD /* 4.wav in Resources */ = {isa = PBXBuildFile; fileRef = 786182D31994C6FF00B4BEFD /* 4.wav */; };
		786182DE1994C6FF00B4BEFD /* 5.wav in Resources */ = {isa = PBXBuildFile; fileRef = 786182D41994C6FF00B4BEFD /* 5.wav */; };
		786182DF1994C6FF00B4BEFD /* 6.wav in Resources */ = {isa = PBXBuildFile; fileRef = 786182D51994C6FF00B4BEFD /* 6.wav */; };
		786182E01994C6FF00B4BEFD /* 7.wav in Resources */ = {isa = PBXBuildFile; fileRef = 786182D61994C6FF00B4BEFD /* 7.wav */; };
		786182E11994C6FF00B4BEFD /* 8.wav in Resources */ = {isa = PBXBuildFile; fileRef = 786182D71994C6FF00B4BEFD /* 8.wav */; };
		786182E21994C6FF00B4BEFD /* 9.wav in Resources */ = {isa = PBXBuildFile; fileRef = 786182D81994C6FF00B4BEFD /* 9.wav */; };
		786182E31994C6FF00B4BEFD /* 10.wav in Resources */ = {isa = PBXBuildFile; fileRef = 786182D91994C6FF00B4BEFD /* 10.wav */; };
		786182E51994C88E00B4BEFD /* 3.wav in Resources */ = {isa = PBXBuildFile; fileRef = 786182E41994C88E00B4BEFD /* 3.wav */; };
		78745FEB198ECAE300650542 /* OpenSans-CondBold.ttf in Resources */ = {isa = PBXBuildFile; fileRef = 78745FEA198ECAE300650542 /* OpenSans-CondBold.ttf */; };
		78745FF1198ED6EC00650542 /* HDRBaseViewController.m in Sources */ = {isa = PBXBuildFile; fileRef = 78745FF0198ED6EC00650542 /* HDRBaseViewController.m */; };
		787956FE195898B800B903B2 /* HDRUtils.m in Sources */ = {isa = PBXBuildFile; fileRef = 787956FD195898B800B903B2 /* HDRUtils.m */; };
		787F4786195800100064BFCE /* Hodor-Echo.wav in Resources */ = {isa = PBXBuildFile; fileRef = 787F4785195800100064BFCE /* Hodor-Echo.wav */; };
		789F974C19AAA30A00BC323C /* CooperHewitt-Book.otf in Resources */ = {isa = PBXBuildFile; fileRef = 789F974B19AAA30A00BC323C /* CooperHewitt-Book.otf */; };
		78B1311B19592FFA00D74FD0 /* Hodor.wav in Resources */ = {isa = PBXBuildFile; fileRef = 78B1311A19592FFA00D74FD0 /* Hodor.wav */; };
		78B220F819A916A60059E0AB /* HDREntityTableViewCell.m in Sources */ = {isa = PBXBuildFile; fileRef = 78B220F719A916A60059E0AB /* HDREntityTableViewCell.m */; };
		78B2210519A928520059E0AB /* HDRUpdater.m in Sources */ = {isa = PBXBuildFile; fileRef = 78B2210419A928520059E0AB /* HDRUpdater.m */; };
		78B2210F19A9531E0059E0AB /* MapKit.framework in Frameworks */ = {isa = PBXBuildFile; fileRef = 78B2210E19A9531E0059E0AB /* MapKit.framework */; };
		78B2211719A96B390059E0AB /* HDRListTableViewCell.m in Sources */ = {isa = PBXBuildFile; fileRef = 78B2211619A96B390059E0AB /* HDRListTableViewCell.m */; };
		78B2211919A97A100059E0AB /* OpenSans-CondLight.ttf in Resources */ = {isa = PBXBuildFile; fileRef = 78B2211819A97A100059E0AB /* OpenSans-CondLight.ttf */; };
		78B2212319A9C02C0059E0AB /* AWSRuntime.framework in Frameworks */ = {isa = PBXBuildFile; fileRef = 78B2212119A9C02C0059E0AB /* AWSRuntime.framework */; };
		78B2212419A9C02C0059E0AB /* AWSS3.framework in Frameworks */ = {isa = PBXBuildFile; fileRef = 78B2212219A9C02C0059E0AB /* AWSS3.framework */; };
		78B2212719A9C5540059E0AB /* UIImageView+FastLoad.m in Sources */ = {isa = PBXBuildFile; fileRef = 78B2212619A9C5540059E0AB /* UIImageView+FastLoad.m */; };
		78CCB9B719A5909100A5BA99 /* HDRTranslator.m in Sources */ = {isa = PBXBuildFile; fileRef = 78CCB9B619A5909100A5BA99 /* HDRTranslator.m */; };
		78CCE69919552C46009EA16B /* Foundation.framework in Frameworks */ = {isa = PBXBuildFile; fileRef = 78CCE69819552C46009EA16B /* Foundation.framework */; };
		78CCE69B19552C46009EA16B /* CoreGraphics.framework in Frameworks */ = {isa = PBXBuildFile; fileRef = 78CCE69A19552C46009EA16B /* CoreGraphics.framework */; };
		78CCE69D19552C46009EA16B /* UIKit.framework in Frameworks */ = {isa = PBXBuildFile; fileRef = 78CCE69C19552C46009EA16B /* UIKit.framework */; };
		78CCE6A319552C46009EA16B /* InfoPlist.strings in Resources */ = {isa = PBXBuildFile; fileRef = 78CCE6A119552C46009EA16B /* InfoPlist.strings */; };
		78CCE6A519552C46009EA16B /* main.m in Sources */ = {isa = PBXBuildFile; fileRef = 78CCE6A419552C46009EA16B /* main.m */; };
		78CCE6A919552C46009EA16B /* HDRAppDelegate.m in Sources */ = {isa = PBXBuildFile; fileRef = 78CCE6A819552C46009EA16B /* HDRAppDelegate.m */; };
		78CCE6AB19552C46009EA16B /* Images.xcassets in Resources */ = {isa = PBXBuildFile; fileRef = 78CCE6AA19552C46009EA16B /* Images.xcassets */; };
		78CCE6B219552C46009EA16B /* XCTest.framework in Frameworks */ = {isa = PBXBuildFile; fileRef = 78CCE6B119552C46009EA16B /* XCTest.framework */; };
		78CCE6B319552C46009EA16B /* Foundation.framework in Frameworks */ = {isa = PBXBuildFile; fileRef = 78CCE69819552C46009EA16B /* Foundation.framework */; };
		78CCE6B419552C46009EA16B /* UIKit.framework in Frameworks */ = {isa = PBXBuildFile; fileRef = 78CCE69C19552C46009EA16B /* UIKit.framework */; };
		78CCE6BC19552C46009EA16B /* InfoPlist.strings in Resources */ = {isa = PBXBuildFile; fileRef = 78CCE6BA19552C46009EA16B /* InfoPlist.strings */; };
		78CCE6BE19552C46009EA16B /* HodorTests.m in Sources */ = {isa = PBXBuildFile; fileRef = 78CCE6BD19552C46009EA16B /* HodorTests.m */; };
		78DA61FA199CA8E4006066CF /* 11.wav in Resources */ = {isa = PBXBuildFile; fileRef = 78DA61F8199CA8E4006066CF /* 11.wav */; };
		78DA61FB199CA8E4006066CF /* 12.wav in Resources */ = {isa = PBXBuildFile; fileRef = 78DA61F9199CA8E4006066CF /* 12.wav */; };
		78E785AE19A2F71800D992F7 /* incoming.wav in Resources */ = {isa = PBXBuildFile; fileRef = 78E785AD19A2F71800D992F7 /* incoming.wav */; };
		78E785B619A2F95E00D992F7 /* outgoing.wav in Resources */ = {isa = PBXBuildFile; fileRef = 78E785B519A2F95E00D992F7 /* outgoing.wav */; };
		78E785B919A32A8800D992F7 /* HDRDateUtil.m in Sources */ = {isa = PBXBuildFile; fileRef = 78E785B819A32A8800D992F7 /* HDRDateUtil.m */; };
		78E785BC19A32F2800D992F7 /* HDRMessage.m in Sources */ = {isa = PBXBuildFile; fileRef = 78E785BB19A32F2800D992F7 /* HDRMessage.m */; };
		78E785C019A345DC00D992F7 /* HDRListBox2.m in Sources */ = {isa = PBXBuildFile; fileRef = 78E785BF19A345DC00D992F7 /* HDRListBox2.m */; };
		78E785C219A345EA00D992F7 /* HDRListBox2.xib in Resources */ = {isa = PBXBuildFile; fileRef = 78E785C119A345EA00D992F7 /* HDRListBox2.xib */; };
		78E785C619A3484800D992F7 /* HDRMessageTableViewCell.m in Sources */ = {isa = PBXBuildFile; fileRef = 78E785C419A3484800D992F7 /* HDRMessageTableViewCell.m */; };
		78E785C719A3484800D992F7 /* HDRMessageTableViewCell.xib in Resources */ = {isa = PBXBuildFile; fileRef = 78E785C519A3484800D992F7 /* HDRMessageTableViewCell.xib */; };
/* End PBXBuildFile section */

/* Begin PBXContainerItemProxy section */
		78CCE6B519552C46009EA16B /* PBXContainerItemProxy */ = {
			isa = PBXContainerItemProxy;
			containerPortal = 78CCE68D19552C46009EA16B /* Project object */;
			proxyType = 1;
			remoteGlobalIDString = 78CCE69419552C46009EA16B;
			remoteInfo = Hodor;
		};
/* End PBXContainerItemProxy section */

/* Begin PBXFileReference section */
		780AFE9E196FB4F900596CC6 /* UIImage+ImageEffects.h */ = {isa = PBXFileReference; fileEncoding = 4; lastKnownFileType = sourcecode.c.h; path = "UIImage+ImageEffects.h"; sourceTree = "<group>"; };
		780AFE9F196FB4F900596CC6 /* UIImage+ImageEffects.m */ = {isa = PBXFileReference; fileEncoding = 4; lastKnownFileType = sourcecode.c.objc; path = "UIImage+ImageEffects.m"; sourceTree = "<group>"; };
		780AFEA2196FB52800596CC6 /* HDRListBox.h */ = {isa = PBXFileReference; fileEncoding = 4; lastKnownFileType = sourcecode.c.h; path = HDRListBox.h; sourceTree = "<group>"; };
		780AFEA3196FB52800596CC6 /* HDRListBox.m */ = {isa = PBXFileReference; fileEncoding = 4; lastKnownFileType = sourcecode.c.objc; path = HDRListBox.m; sourceTree = "<group>"; };
		780AFEA4196FB52800596CC6 /* HDRListBox.xib */ = {isa = PBXFileReference; fileEncoding = 4; lastKnownFileType = file.xib; path = HDRListBox.xib; sourceTree = "<group>"; };
		78237CD619552D2E00BE750D /* MainStoryboard.storyboard */ = {isa = PBXFileReference; fileEncoding = 4; lastKnownFileType = file.storyboard; path = MainStoryboard.storyboard; sourceTree = "<group>"; };
		78237CDA1955853500BE750D /* Hodor1.wav */ = {isa = PBXFileReference; lastKnownFileType = audio.wav; path = Hodor1.wav; sourceTree = "<group>"; };
		78237CDD1955867500BE750D /* HDRHomeViewController.h */ = {isa = PBXFileReference; fileEncoding = 4; lastKnownFileType = sourcecode.c.h; path = HDRHomeViewController.h; sourceTree = "<group>"; };
		78237CDE1955867500BE750D /* HDRHomeViewController.m */ = {isa = PBXFileReference; fileEncoding = 4; lastKnownFileType = sourcecode.c.objc; path = HDRHomeViewController.m; sourceTree = "<group>"; };
		78237CE11955875900BE750D /* HDRHomeTableViewCell.h */ = {isa = PBXFileReference; fileEncoding = 4; lastKnownFileType = sourcecode.c.h; path = HDRHomeTableViewCell.h; sourceTree = "<group>"; };
		78237CE21955875900BE750D /* HDRHomeTableViewCell.m */ = {isa = PBXFileReference; fileEncoding = 4; lastKnownFileType = sourcecode.c.objc; path = HDRHomeTableViewCell.m; sourceTree = "<group>"; };
		78237CE31955875900BE750D /* HDRHomeTableViewCell.xib */ = {isa = PBXFileReference; fileEncoding = 4; lastKnownFileType = file.xib; path = HDRHomeTableViewCell.xib; sourceTree = "<group>"; };
		78237CE61956814300BE750D /* HDRAddUserNameTableViewCell.h */ = {isa = PBXFileReference; fileEncoding = 4; lastKnownFileType = sourcecode.c.h; path = HDRAddUserNameTableViewCell.h; sourceTree = "<group>"; };
		78237CE71956814300BE750D /* HDRAddUserNameTableViewCell.m */ = {isa = PBXFileReference; fileEncoding = 4; lastKnownFileType = sourcecode.c.objc; path = HDRAddUserNameTableViewCell.m; sourceTree = "<group>"; };
		78237CE81956814300BE750D /* HDRAddUserNameTableViewCell.xib */ = {isa = PBXFileReference; fileEncoding = 4; lastKnownFileType = file.xib; path = HDRAddUserNameTableViewCell.xib; sourceTree = "<group>"; };
		78237CEC195690FA00BE750D /* HDRSetupViewController.h */ = {isa = PBXFileReference; fileEncoding = 4; lastKnownFileType = sourcecode.c.h; path = HDRSetupViewController.h; sourceTree = "<group>"; };
		78237CED195690FA00BE750D /* HDRSetupViewController.m */ = {isa = PBXFileReference; fileEncoding = 4; lastKnownFileType = sourcecode.c.objc; path = HDRSetupViewController.m; sourceTree = "<group>"; };
		78237CEF195698B200BE750D /* HDRInviteTableViewCell.h */ = {isa = PBXFileReference; fileEncoding = 4; lastKnownFileType = sourcecode.c.h; path = HDRInviteTableViewCell.h; sourceTree = "<group>"; };
		78237CF0195698B200BE750D /* HDRInviteTableViewCell.m */ = {isa = PBXFileReference; fileEncoding = 4; lastKnownFileType = sourcecode.c.objc; path = HDRInviteTableViewCell.m; sourceTree = "<group>"; };
		78237CF1195698B200BE750D /* HDRInviteTableViewCell.xib */ = {isa = PBXFileReference; fileEncoding = 4; lastKnownFileType = file.xib; path = HDRInviteTableViewCell.xib; sourceTree = "<group>"; };
		78237CF41956991300BE750D /* HDRTableViewCell.h */ = {isa = PBXFileReference; fileEncoding = 4; lastKnownFileType = sourcecode.c.h; path = HDRTableViewCell.h; sourceTree = "<group>"; };
		78237CF51956991300BE750D /* HDRTableViewCell.m */ = {isa = PBXFileReference; fileEncoding = 4; lastKnownFileType = sourcecode.c.objc; path = HDRTableViewCell.m; sourceTree = "<group>"; };
		78237CF719569B7F00BE750D /* AddressBook.framework */ = {isa = PBXFileReference; lastKnownFileType = wrapper.framework; name = AddressBook.framework; path = System/Library/Frameworks/AddressBook.framework; sourceTree = SDKROOT; };
		78237CF819569B7F00BE750D /* AddressBookUI.framework */ = {isa = PBXFileReference; lastKnownFileType = wrapper.framework; name = AddressBookUI.framework; path = System/Library/Frameworks/AddressBookUI.framework; sourceTree = SDKROOT; };
		78237CFC1956A22000BE750D /* HDRCurrentUser.h */ = {isa = PBXFileReference; fileEncoding = 4; lastKnownFileType = sourcecode.c.h; path = HDRCurrentUser.h; sourceTree = "<group>"; };
		78237CFD1956A22000BE750D /* HDRCurrentUser.m */ = {isa = PBXFileReference; fileEncoding = 4; lastKnownFileType = sourcecode.c.objc; path = HDRCurrentUser.m; sourceTree = "<group>"; };
		78237CFF1956B78400BE750D /* HDRCommon.h */ = {isa = PBXFileReference; fileEncoding = 4; lastKnownFileType = sourcecode.c.h; path = HDRCommon.h; sourceTree = "<group>"; };
		78237D001956B78400BE750D /* HDRCommon.m */ = {isa = PBXFileReference; fileEncoding = 4; lastKnownFileType = sourcecode.c.objc; path = HDRCommon.m; sourceTree = "<group>"; };
		78237D021956BA6E00BE750D /* HDRNetworkProvider.h */ = {isa = PBXFileReference; fileEncoding = 4; lastKnownFileType = sourcecode.c.h; path = HDRNetworkProvider.h; sourceTree = "<group>"; };
		78237D031956BA6E00BE750D /* HDRNetworkProvider.m */ = {isa = PBXFileReference; fileEncoding = 4; lastKnownFileType = sourcecode.c.objc; path = HDRNetworkProvider.m; sourceTree = "<group>"; };
		78237D051956BE1800BE750D /* HDRFriends.h */ = {isa = PBXFileReference; fileEncoding = 4; lastKnownFileType = sourcecode.c.h; path = HDRFriends.h; sourceTree = "<group>"; };
		78237D061956BE1800BE750D /* HDRFriends.m */ = {isa = PBXFileReference; fileEncoding = 4; lastKnownFileType = sourcecode.c.objc; path = HDRFriends.m; sourceTree = "<group>"; };
		78237D091956BE5B00BE750D /* HDRUser.h */ = {isa = PBXFileReference; fileEncoding = 4; lastKnownFileType = sourcecode.c.h; path = HDRUser.h; sourceTree = "<group>"; };
		78237D0A1956BE5B00BE750D /* HDRUser.m */ = {isa = PBXFileReference; fileEncoding = 4; lastKnownFileType = sourcecode.c.objc; path = HDRUser.m; sourceTree = "<group>"; };
		786057E719A2DA940007C505 /* AVFoundation.framework */ = {isa = PBXFileReference; lastKnownFileType = wrapper.framework; name = AVFoundation.framework; path = System/Library/Frameworks/AVFoundation.framework; sourceTree = SDKROOT; };
		786182D01994C6FF00B4BEFD /* 1.wav */ = {isa = PBXFileReference; lastKnownFileType = audio.wav; path = 1.wav; sourceTree = "<group>"; };
		786182D11994C6FF00B4BEFD /* 2.wav */ = {isa = PBXFileReference; lastKnownFileType = audio.wav; path = 2.wav; sourceTree = "<group>"; };
		786182D31994C6FF00B4BEFD /* 4.wav */ = {isa = PBXFileReference; lastKnownFileType = audio.wav; path = 4.wav; sourceTree = "<group>"; };
		786182D41994C6FF00B4BEFD /* 5.wav */ = {isa = PBXFileReference; lastKnownFileType = audio.wav; path = 5.wav; sourceTree = "<group>"; };
		786182D51994C6FF00B4BEFD /* 6.wav */ = {isa = PBXFileReference; lastKnownFileType = audio.wav; path = 6.wav; sourceTree = "<group>"; };
		786182D61994C6FF00B4BEFD /* 7.wav */ = {isa = PBXFileReference; lastKnownFileType = audio.wav; path = 7.wav; sourceTree = "<group>"; };
		786182D71994C6FF00B4BEFD /* 8.wav */ = {isa = PBXFileReference; lastKnownFileType = audio.wav; path = 8.wav; sourceTree = "<group>"; };
		786182D81994C6FF00B4BEFD /* 9.wav */ = {isa = PBXFileReference; lastKnownFileType = audio.wav; path = 9.wav; sourceTree = "<group>"; };
		786182D91994C6FF00B4BEFD /* 10.wav */ = {isa = PBXFileReference; lastKnownFileType = audio.wav; path = 10.wav; sourceTree = "<group>"; };
		786182E41994C88E00B4BEFD /* 3.wav */ = {isa = PBXFileReference; lastKnownFileType = audio.wav; path = 3.wav; sourceTree = "<group>"; };
		78745FEA198ECAE300650542 /* OpenSans-CondBold.ttf */ = {isa = PBXFileReference; lastKnownFileType = file; path = "OpenSans-CondBold.ttf"; sourceTree = "<group>"; };
		78745FEF198ED6EC00650542 /* HDRBaseViewController.h */ = {isa = PBXFileReference; fileEncoding = 4; lastKnownFileType = sourcecode.c.h; path = HDRBaseViewController.h; sourceTree = "<group>"; };
		78745FF0198ED6EC00650542 /* HDRBaseViewController.m */ = {isa = PBXFileReference; fileEncoding = 4; lastKnownFileType = sourcecode.c.objc; path = HDRBaseViewController.m; sourceTree = "<group>"; };
		787956FC195898B800B903B2 /* HDRUtils.h */ = {isa = PBXFileReference; fileEncoding = 4; lastKnownFileType = sourcecode.c.h; path = HDRUtils.h; sourceTree = "<group>"; };
		787956FD195898B800B903B2 /* HDRUtils.m */ = {isa = PBXFileReference; fileEncoding = 4; lastKnownFileType = sourcecode.c.objc; path = HDRUtils.m; sourceTree = "<group>"; };
		787F4785195800100064BFCE /* Hodor-Echo.wav */ = {isa = PBXFileReference; lastKnownFileType = audio.wav; path = "Hodor-Echo.wav"; sourceTree = "<group>"; };
		789F974B19AAA30A00BC323C /* CooperHewitt-Book.otf */ = {isa = PBXFileReference; lastKnownFileType = file; path = "CooperHewitt-Book.otf"; sourceTree = "<group>"; };
		78B1311A19592FFA00D74FD0 /* Hodor.wav */ = {isa = PBXFileReference; lastKnownFileType = audio.wav; path = Hodor.wav; sourceTree = "<group>"; };
		78B220F619A916A60059E0AB /* HDREntityTableViewCell.h */ = {isa = PBXFileReference; fileEncoding = 4; lastKnownFileType = sourcecode.c.h; path = HDREntityTableViewCell.h; sourceTree = "<group>"; };
		78B220F719A916A60059E0AB /* HDREntityTableViewCell.m */ = {isa = PBXFileReference; fileEncoding = 4; lastKnownFileType = sourcecode.c.objc; path = HDREntityTableViewCell.m; sourceTree = "<group>"; };
		78B2210319A928520059E0AB /* HDRUpdater.h */ = {isa = PBXFileReference; fileEncoding = 4; lastKnownFileType = sourcecode.c.h; path = HDRUpdater.h; sourceTree = "<group>"; };
		78B2210419A928520059E0AB /* HDRUpdater.m */ = {isa = PBXFileReference; fileEncoding = 4; lastKnownFileType = sourcecode.c.objc; path = HDRUpdater.m; sourceTree = "<group>"; };
		78B2210E19A9531E0059E0AB /* MapKit.framework */ = {isa = PBXFileReference; lastKnownFileType = wrapper.framework; name = MapKit.framework; path = System/Library/Frameworks/MapKit.framework; sourceTree = SDKROOT; };
		78B2211519A96B390059E0AB /* HDRListTableViewCell.h */ = {isa = PBXFileReference; fileEncoding = 4; lastKnownFileType = sourcecode.c.h; path = HDRListTableViewCell.h; sourceTree = "<group>"; };
		78B2211619A96B390059E0AB /* HDRListTableViewCell.m */ = {isa = PBXFileReference; fileEncoding = 4; lastKnownFileType = sourcecode.c.objc; path = HDRListTableViewCell.m; sourceTree = "<group>"; };
		78B2211819A97A100059E0AB /* OpenSans-CondLight.ttf */ = {isa = PBXFileReference; lastKnownFileType = file; path = "OpenSans-CondLight.ttf"; sourceTree = "<group>"; };
		78B2212119A9C02C0059E0AB /* AWSRuntime.framework */ = {isa = PBXFileReference; lastKnownFileType = wrapper.framework; name = AWSRuntime.framework; path = "../../../../Users/srpanwar/Downloads/aws-ios-sdk-1.7.1/AWSRuntime.framework"; sourceTree = "<group>"; };
		78B2212219A9C02C0059E0AB /* AWSS3.framework */ = {isa = PBXFileReference; lastKnownFileType = wrapper.framework; name = AWSS3.framework; path = "../../../../Users/srpanwar/Downloads/aws-ios-sdk-1.7.1/AWSS3.framework"; sourceTree = "<group>"; };
		78B2212519A9C5540059E0AB /* UIImageView+FastLoad.h */ = {isa = PBXFileReference; fileEncoding = 4; lastKnownFileType = sourcecode.c.h; path = "UIImageView+FastLoad.h"; sourceTree = "<group>"; };
		78B2212619A9C5540059E0AB /* UIImageView+FastLoad.m */ = {isa = PBXFileReference; fileEncoding = 4; lastKnownFileType = sourcecode.c.objc; path = "UIImageView+FastLoad.m"; sourceTree = "<group>"; };
		78CCB9B519A5909100A5BA99 /* HDRTranslator.h */ = {isa = PBXFileReference; fileEncoding = 4; lastKnownFileType = sourcecode.c.h; path = HDRTranslator.h; sourceTree = "<group>"; };
		78CCB9B619A5909100A5BA99 /* HDRTranslator.m */ = {isa = PBXFileReference; fileEncoding = 4; lastKnownFileType = sourcecode.c.objc; path = HDRTranslator.m; sourceTree = "<group>"; };
		78CCE69519552C46009EA16B /* Hodor.app */ = {isa = PBXFileReference; explicitFileType = wrapper.application; includeInIndex = 0; path = Hodor.app; sourceTree = BUILT_PRODUCTS_DIR; };
		78CCE69819552C46009EA16B /* Foundation.framework */ = {isa = PBXFileReference; lastKnownFileType = wrapper.framework; name = Foundation.framework; path = System/Library/Frameworks/Foundation.framework; sourceTree = SDKROOT; };
		78CCE69A19552C46009EA16B /* CoreGraphics.framework */ = {isa = PBXFileReference; lastKnownFileType = wrapper.framework; name = CoreGraphics.framework; path = System/Library/Frameworks/CoreGraphics.framework; sourceTree = SDKROOT; };
		78CCE69C19552C46009EA16B /* UIKit.framework */ = {isa = PBXFileReference; lastKnownFileType = wrapper.framework; name = UIKit.framework; path = System/Library/Frameworks/UIKit.framework; sourceTree = SDKROOT; };
		78CCE6A019552C46009EA16B /* Hodor-Info.plist */ = {isa = PBXFileReference; lastKnownFileType = text.plist.xml; path = "Hodor-Info.plist"; sourceTree = "<group>"; };
		78CCE6A219552C46009EA16B /* en */ = {isa = PBXFileReference; lastKnownFileType = text.plist.strings; name = en; path = en.lproj/InfoPlist.strings; sourceTree = "<group>"; };
		78CCE6A419552C46009EA16B /* main.m */ = {isa = PBXFileReference; lastKnownFileType = sourcecode.c.objc; path = main.m; sourceTree = "<group>"; };
		78CCE6A619552C46009EA16B /* Hodor-Prefix.pch */ = {isa = PBXFileReference; lastKnownFileType = sourcecode.c.h; path = "Hodor-Prefix.pch"; sourceTree = "<group>"; };
		78CCE6A719552C46009EA16B /* HDRAppDelegate.h */ = {isa = PBXFileReference; lastKnownFileType = sourcecode.c.h; path = HDRAppDelegate.h; sourceTree = "<group>"; };
		78CCE6A819552C46009EA16B /* HDRAppDelegate.m */ = {isa = PBXFileReference; lastKnownFileType = sourcecode.c.objc; path = HDRAppDelegate.m; sourceTree = "<group>"; };
		78CCE6AA19552C46009EA16B /* Images.xcassets */ = {isa = PBXFileReference; lastKnownFileType = folder.assetcatalog; path = Images.xcassets; sourceTree = "<group>"; };
		78CCE6B019552C46009EA16B /* HodorTests.xctest */ = {isa = PBXFileReference; explicitFileType = wrapper.cfbundle; includeInIndex = 0; path = HodorTests.xctest; sourceTree = BUILT_PRODUCTS_DIR; };
		78CCE6B119552C46009EA16B /* XCTest.framework */ = {isa = PBXFileReference; lastKnownFileType = wrapper.framework; name = XCTest.framework; path = Library/Frameworks/XCTest.framework; sourceTree = DEVELOPER_DIR; };
		78CCE6B919552C46009EA16B /* HodorTests-Info.plist */ = {isa = PBXFileReference; lastKnownFileType = text.plist.xml; path = "HodorTests-Info.plist"; sourceTree = "<group>"; };
		78CCE6BB19552C46009EA16B /* en */ = {isa = PBXFileReference; lastKnownFileType = text.plist.strings; name = en; path = en.lproj/InfoPlist.strings; sourceTree = "<group>"; };
		78CCE6BD19552C46009EA16B /* HodorTests.m */ = {isa = PBXFileReference; lastKnownFileType = sourcecode.c.objc; path = HodorTests.m; sourceTree = "<group>"; };
		78DA61F8199CA8E4006066CF /* 11.wav */ = {isa = PBXFileReference; lastKnownFileType = audio.wav; path = 11.wav; sourceTree = "<group>"; };
		78DA61F9199CA8E4006066CF /* 12.wav */ = {isa = PBXFileReference; lastKnownFileType = audio.wav; path = 12.wav; sourceTree = "<group>"; };
		78E785AD19A2F71800D992F7 /* incoming.wav */ = {isa = PBXFileReference; lastKnownFileType = audio.wav; path = incoming.wav; sourceTree = "<group>"; };
		78E785B519A2F95E00D992F7 /* outgoing.wav */ = {isa = PBXFileReference; lastKnownFileType = audio.wav; path = outgoing.wav; sourceTree = "<group>"; };
		78E785B719A32A8800D992F7 /* HDRDateUtil.h */ = {isa = PBXFileReference; fileEncoding = 4; lastKnownFileType = sourcecode.c.h; path = HDRDateUtil.h; sourceTree = "<group>"; };
		78E785B819A32A8800D992F7 /* HDRDateUtil.m */ = {isa = PBXFileReference; fileEncoding = 4; lastKnownFileType = sourcecode.c.objc; path = HDRDateUtil.m; sourceTree = "<group>"; };
		78E785BA19A32F2800D992F7 /* HDRMessage.h */ = {isa = PBXFileReference; fileEncoding = 4; lastKnownFileType = sourcecode.c.h; path = HDRMessage.h; sourceTree = "<group>"; };
		78E785BB19A32F2800D992F7 /* HDRMessage.m */ = {isa = PBXFileReference; fileEncoding = 4; lastKnownFileType = sourcecode.c.objc; path = HDRMessage.m; sourceTree = "<group>"; };
		78E785BE19A345DC00D992F7 /* HDRListBox2.h */ = {isa = PBXFileReference; fileEncoding = 4; lastKnownFileType = sourcecode.c.h; path = HDRListBox2.h; sourceTree = "<group>"; };
		78E785BF19A345DC00D992F7 /* HDRListBox2.m */ = {isa = PBXFileReference; fileEncoding = 4; lastKnownFileType = sourcecode.c.objc; path = HDRListBox2.m; sourceTree = "<group>"; };
		78E785C119A345EA00D992F7 /* HDRListBox2.xib */ = {isa = PBXFileReference; fileEncoding = 4; lastKnownFileType = file.xib; path = HDRListBox2.xib; sourceTree = "<group>"; };
		78E785C319A3484800D992F7 /* HDRMessageTableViewCell.h */ = {isa = PBXFileReference; fileEncoding = 4; lastKnownFileType = sourcecode.c.h; path = HDRMessageTableViewCell.h; sourceTree = "<group>"; };
		78E785C419A3484800D992F7 /* HDRMessageTableViewCell.m */ = {isa = PBXFileReference; fileEncoding = 4; lastKnownFileType = sourcecode.c.objc; path = HDRMessageTableViewCell.m; sourceTree = "<group>"; };
		78E785C519A3484800D992F7 /* HDRMessageTableViewCell.xib */ = {isa = PBXFileReference; fileEncoding = 4; lastKnownFileType = file.xib; path = HDRMessageTableViewCell.xib; sourceTree = "<group>"; };
/* End PBXFileReference section */

/* Begin PBXFrameworksBuildPhase section */
		78CCE69219552C46009EA16B /* Frameworks */ = {
			isa = PBXFrameworksBuildPhase;
			buildActionMask = 2147483647;
			files = (
				78B2212319A9C02C0059E0AB /* AWSRuntime.framework in Frameworks */,
				78B2212419A9C02C0059E0AB /* AWSS3.framework in Frameworks */,
				78B2210F19A9531E0059E0AB /* MapKit.framework in Frameworks */,
				786057E819A2DA940007C505 /* AVFoundation.framework in Frameworks */,
				78237CF919569B7F00BE750D /* AddressBook.framework in Frameworks */,
				78237CFA19569B7F00BE750D /* AddressBookUI.framework in Frameworks */,
				78CCE69B19552C46009EA16B /* CoreGraphics.framework in Frameworks */,
				78CCE69D19552C46009EA16B /* UIKit.framework in Frameworks */,
				78CCE69919552C46009EA16B /* Foundation.framework in Frameworks */,
			);
			runOnlyForDeploymentPostprocessing = 0;
		};
		78CCE6AD19552C46009EA16B /* Frameworks */ = {
			isa = PBXFrameworksBuildPhase;
			buildActionMask = 2147483647;
			files = (
				78CCE6B219552C46009EA16B /* XCTest.framework in Frameworks */,
				78CCE6B419552C46009EA16B /* UIKit.framework in Frameworks */,
				78CCE6B319552C46009EA16B /* Foundation.framework in Frameworks */,
			);
			runOnlyForDeploymentPostprocessing = 0;
		};
/* End PBXFrameworksBuildPhase section */

/* Begin PBXGroup section */
		780AFEA1196FB50D00596CC6 /* ListBox */ = {
			isa = PBXGroup;
			children = (
				780AFEA2196FB52800596CC6 /* HDRListBox.h */,
				780AFEA3196FB52800596CC6 /* HDRListBox.m */,
				780AFEA4196FB52800596CC6 /* HDRListBox.xib */,
			);
			name = ListBox;
			sourceTree = "<group>";
		};
		78237CDC1955864500BE750D /* View Controllers */ = {
			isa = PBXGroup;
			children = (
				78E785BD19A345C900D992F7 /* ListBox2 */,
				780AFEA1196FB50D00596CC6 /* ListBox */,
				78237CEB195690DC00BE750D /* Setup */,
				78237CE01955873400BE750D /* Home */,
			);
			name = "View Controllers";
			sourceTree = "<group>";
		};
		78237CE01955873400BE750D /* Home */ = {
			isa = PBXGroup;
			children = (
				78B220F519A9141C0059E0AB /* User */,
				78B220F319A914060059E0AB /* Add User */,
				78B220F219A913F90059E0AB /* Invite */,
				78237CF41956991300BE750D /* HDRTableViewCell.h */,
				78237CF51956991300BE750D /* HDRTableViewCell.m */,
				78B220F619A916A60059E0AB /* HDREntityTableViewCell.h */,
				78B220F719A916A60059E0AB /* HDREntityTableViewCell.m */,
				78237CDD1955867500BE750D /* HDRHomeViewController.h */,
				78237CDE1955867500BE750D /* HDRHomeViewController.m */,
			);
			name = Home;
			sourceTree = "<group>";
		};
		78237CEB195690DC00BE750D /* Setup */ = {
			isa = PBXGroup;
			children = (
				78237CEC195690FA00BE750D /* HDRSetupViewController.h */,
				78237CED195690FA00BE750D /* HDRSetupViewController.m */,
			);
			name = Setup;
			sourceTree = "<group>";
		};
		78237CFB1956A20900BE750D /* Utils */ = {
			isa = PBXGroup;
			children = (
				780AFE9E196FB4F900596CC6 /* UIImage+ImageEffects.h */,
				780AFE9F196FB4F900596CC6 /* UIImage+ImageEffects.m */,
				78B2212519A9C5540059E0AB /* UIImageView+FastLoad.h */,
				78B2212619A9C5540059E0AB /* UIImageView+FastLoad.m */,
				78E785B719A32A8800D992F7 /* HDRDateUtil.h */,
				78E785B819A32A8800D992F7 /* HDRDateUtil.m */,
				787956FC195898B800B903B2 /* HDRUtils.h */,
				787956FD195898B800B903B2 /* HDRUtils.m */,
				78237CFC1956A22000BE750D /* HDRCurrentUser.h */,
				78237CFD1956A22000BE750D /* HDRCurrentUser.m */,
				78237CFF1956B78400BE750D /* HDRCommon.h */,
				78237D001956B78400BE750D /* HDRCommon.m */,
				78CCB9B519A5909100A5BA99 /* HDRTranslator.h */,
				78CCB9B619A5909100A5BA99 /* HDRTranslator.m */,
				78B2210319A928520059E0AB /* HDRUpdater.h */,
				78B2210419A928520059E0AB /* HDRUpdater.m */,
			);
			name = Utils;
			sourceTree = "<group>";
		};
		78237D081956BE4D00BE750D /* Model */ = {
			isa = PBXGroup;
			children = (
				78237D091956BE5B00BE750D /* HDRUser.h */,
				78237D0A1956BE5B00BE750D /* HDRUser.m */,
				78E785BA19A32F2800D992F7 /* HDRMessage.h */,
				78E785BB19A32F2800D992F7 /* HDRMessage.m */,
			);
			name = Model;
			sourceTree = "<group>";
		};
		786182BB1994B23A00B4BEFD /* Sounds */ = {
			isa = PBXGroup;
			children = (
				786182D01994C6FF00B4BEFD /* 1.wav */,
				786182D11994C6FF00B4BEFD /* 2.wav */,
				786182E41994C88E00B4BEFD /* 3.wav */,
				786182D31994C6FF00B4BEFD /* 4.wav */,
				786182D41994C6FF00B4BEFD /* 5.wav */,
				786182D51994C6FF00B4BEFD /* 6.wav */,
				786182D61994C6FF00B4BEFD /* 7.wav */,
				786182D71994C6FF00B4BEFD /* 8.wav */,
				786182D81994C6FF00B4BEFD /* 9.wav */,
				786182D91994C6FF00B4BEFD /* 10.wav */,
				78DA61F8199CA8E4006066CF /* 11.wav */,
				78DA61F9199CA8E4006066CF /* 12.wav */,
				78E785B519A2F95E00D992F7 /* outgoing.wav */,
				78E785AD19A2F71800D992F7 /* incoming.wav */,
				78B1311A19592FFA00D74FD0 /* Hodor.wav */,
				787F4785195800100064BFCE /* Hodor-Echo.wav */,
				78237CDA1955853500BE750D /* Hodor1.wav */,
			);
			name = Sounds;
			sourceTree = "<group>";
		};
		78B220F219A913F90059E0AB /* Invite */ = {
			isa = PBXGroup;
			children = (
				78237CEF195698B200BE750D /* HDRInviteTableViewCell.h */,
				78237CF0195698B200BE750D /* HDRInviteTableViewCell.m */,
				78237CF1195698B200BE750D /* HDRInviteTableViewCell.xib */,
			);
			name = Invite;
			sourceTree = "<group>";
		};
		78B220F319A914060059E0AB /* Add User */ = {
			isa = PBXGroup;
			children = (
				78237CE61956814300BE750D /* HDRAddUserNameTableViewCell.h */,
				78237CE71956814300BE750D /* HDRAddUserNameTableViewCell.m */,
				78237CE81956814300BE750D /* HDRAddUserNameTableViewCell.xib */,
			);
			name = "Add User";
			sourceTree = "<group>";
		};
		78B220F519A9141C0059E0AB /* User */ = {
			isa = PBXGroup;
			children = (
				78237CE11955875900BE750D /* HDRHomeTableViewCell.h */,
				78237CE21955875900BE750D /* HDRHomeTableViewCell.m */,
				78237CE31955875900BE750D /* HDRHomeTableViewCell.xib */,
			);
			name = User;
			sourceTree = "<group>";
		};
		78B2211D19A9BFB80059E0AB /* Provider */ = {
			isa = PBXGroup;
			children = (
				78237D051956BE1800BE750D /* HDRFriends.h */,
				78237D061956BE1800BE750D /* HDRFriends.m */,
				78237D021956BA6E00BE750D /* HDRNetworkProvider.h */,
				78237D031956BA6E00BE750D /* HDRNetworkProvider.m */,
			);
			name = Provider;
			sourceTree = "<group>";
		};
		78CCE68C19552C46009EA16B = {
			isa = PBXGroup;
			children = (
				78CCE69E19552C46009EA16B /* Hodor */,
				78CCE6B719552C46009EA16B /* HodorTests */,
				78CCE69719552C46009EA16B /* Frameworks */,
				78CCE69619552C46009EA16B /* Products */,
			);
			sourceTree = "<group>";
		};
		78CCE69619552C46009EA16B /* Products */ = {
			isa = PBXGroup;
			children = (
				78CCE69519552C46009EA16B /* Hodor.app */,
				78CCE6B019552C46009EA16B /* HodorTests.xctest */,
			);
			name = Products;
			sourceTree = "<group>";
		};
		78CCE69719552C46009EA16B /* Frameworks */ = {
			isa = PBXGroup;
			children = (
				78B2212119A9C02C0059E0AB /* AWSRuntime.framework */,
				78B2212219A9C02C0059E0AB /* AWSS3.framework */,
				78B2210E19A9531E0059E0AB /* MapKit.framework */,
				786057E719A2DA940007C505 /* AVFoundation.framework */,
				78237CF719569B7F00BE750D /* AddressBook.framework */,
				78237CF819569B7F00BE750D /* AddressBookUI.framework */,
				78CCE69819552C46009EA16B /* Foundation.framework */,
				78CCE69A19552C46009EA16B /* CoreGraphics.framework */,
				78CCE69C19552C46009EA16B /* UIKit.framework */,
				78CCE6B119552C46009EA16B /* XCTest.framework */,
			);
			name = Frameworks;
			sourceTree = "<group>";
		};
		78CCE69E19552C46009EA16B /* Hodor */ = {
			isa = PBXGroup;
			children = (
				786182BB1994B23A00B4BEFD /* Sounds */,
				78237CDC1955864500BE750D /* View Controllers */,
				78237CFB1956A20900BE750D /* Utils */,
				78B2211D19A9BFB80059E0AB /* Provider */,
				78237D081956BE4D00BE750D /* Model */,
				78745FEF198ED6EC00650542 /* HDRBaseViewController.h */,
				78745FF0198ED6EC00650542 /* HDRBaseViewController.m */,
				78CCE6A719552C46009EA16B /* HDRAppDelegate.h */,
				78CCE6A819552C46009EA16B /* HDRAppDelegate.m */,
				78CCE6AA19552C46009EA16B /* Images.xcassets */,
				78237CD619552D2E00BE750D /* MainStoryboard.storyboard */,
				78CCE69F19552C46009EA16B /* Supporting Files */,
			);
			path = Hodor;
			sourceTree = "<group>";
		};
		78CCE69F19552C46009EA16B /* Supporting Files */ = {
			isa = PBXGroup;
			children = (
				78745FEA198ECAE300650542 /* OpenSans-CondBold.ttf */,
				78B2211819A97A100059E0AB /* OpenSans-CondLight.ttf */,
				789F974B19AAA30A00BC323C /* CooperHewitt-Book.otf */,
				78CCE6A019552C46009EA16B /* Hodor-Info.plist */,
				78CCE6A119552C46009EA16B /* InfoPlist.strings */,
				78CCE6A419552C46009EA16B /* main.m */,
				78CCE6A619552C46009EA16B /* Hodor-Prefix.pch */,
			);
			name = "Supporting Files";
			sourceTree = "<group>";
		};
		78CCE6B719552C46009EA16B /* HodorTests */ = {
			isa = PBXGroup;
			children = (
				78CCE6BD19552C46009EA16B /* HodorTests.m */,
				78CCE6B819552C46009EA16B /* Supporting Files */,
			);
			path = HodorTests;
			sourceTree = "<group>";
		};
		78CCE6B819552C46009EA16B /* Supporting Files */ = {
			isa = PBXGroup;
			children = (
				78CCE6B919552C46009EA16B /* HodorTests-Info.plist */,
				78CCE6BA19552C46009EA16B /* InfoPlist.strings */,
			);
			name = "Supporting Files";
			sourceTree = "<group>";
		};
		78E785BD19A345C900D992F7 /* ListBox2 */ = {
			isa = PBXGroup;
			children = (
				78E785BE19A345DC00D992F7 /* HDRListBox2.h */,
				78E785BF19A345DC00D992F7 /* HDRListBox2.m */,
				78E785C119A345EA00D992F7 /* HDRListBox2.xib */,
				78E785C319A3484800D992F7 /* HDRMessageTableViewCell.h */,
				78E785C419A3484800D992F7 /* HDRMessageTableViewCell.m */,
				78E785C519A3484800D992F7 /* HDRMessageTableViewCell.xib */,
				78B2211519A96B390059E0AB /* HDRListTableViewCell.h */,
				78B2211619A96B390059E0AB /* HDRListTableViewCell.m */,
			);
			name = ListBox2;
			sourceTree = "<group>";
		};
/* End PBXGroup section */

/* Begin PBXNativeTarget section */
		78CCE69419552C46009EA16B /* Hodor */ = {
			isa = PBXNativeTarget;
			buildConfigurationList = 78CCE6C119552C46009EA16B /* Build configuration list for PBXNativeTarget "Hodor" */;
			buildPhases = (
				78CCE69119552C46009EA16B /* Sources */,
				78CCE69219552C46009EA16B /* Frameworks */,
				78CCE69319552C46009EA16B /* Resources */,
			);
			buildRules = (
			);
			dependencies = (
			);
			name = Hodor;
			productName = Hodor;
			productReference = 78CCE69519552C46009EA16B /* Hodor.app */;
			productType = "com.apple.product-type.application";
		};
		78CCE6AF19552C46009EA16B /* HodorTests */ = {
			isa = PBXNativeTarget;
			buildConfigurationList = 78CCE6C419552C46009EA16B /* Build configuration list for PBXNativeTarget "HodorTests" */;
			buildPhases = (
				78CCE6AC19552C46009EA16B /* Sources */,
				78CCE6AD19552C46009EA16B /* Frameworks */,
				78CCE6AE19552C46009EA16B /* Resources */,
			);
			buildRules = (
			);
			dependencies = (
				78CCE6B619552C46009EA16B /* PBXTargetDependency */,
			);
			name = HodorTests;
			productName = HodorTests;
			productReference = 78CCE6B019552C46009EA16B /* HodorTests.xctest */;
			productType = "com.apple.product-type.bundle.unit-test";
		};
/* End PBXNativeTarget section */

/* Begin PBXProject section */
		78CCE68D19552C46009EA16B /* Project object */ = {
			isa = PBXProject;
			attributes = {
				CLASSPREFIX = HDR;
				LastUpgradeCheck = 0510;
				ORGANIZATIONNAME = "Troupe Of Vagrants";
				TargetAttributes = {
					78CCE69419552C46009EA16B = {
						DevelopmentTeam = L23FFAA22P;
						SystemCapabilities = {
							com.apple.BackgroundModes = {
								enabled = 1;
							};
							com.apple.iCloud = {
								enabled = 0;
							};
						};
					};
					78CCE6AF19552C46009EA16B = {
						TestTargetID = 78CCE69419552C46009EA16B;
					};
				};
			};
			buildConfigurationList = 78CCE69019552C46009EA16B /* Build configuration list for PBXProject "Hodor" */;
			compatibilityVersion = "Xcode 3.2";
			developmentRegion = English;
			hasScannedForEncodings = 0;
			knownRegions = (
				en,
			);
			mainGroup = 78CCE68C19552C46009EA16B;
			productRefGroup = 78CCE69619552C46009EA16B /* Products */;
			projectDirPath = "";
			projectRoot = "";
			targets = (
				78CCE69419552C46009EA16B /* Hodor */,
				78CCE6AF19552C46009EA16B /* HodorTests */,
			);
		};
/* End PBXProject section */

/* Begin PBXResourcesBuildPhase section */
		78CCE69319552C46009EA16B /* Resources */ = {
			isa = PBXResourcesBuildPhase;
			buildActionMask = 2147483647;
			files = (
				786182E51994C88E00B4BEFD /* 3.wav in Resources */,
				786182DB1994C6FF00B4BEFD /* 2.wav in Resources */,
				78B2211919A97A100059E0AB /* OpenSans-CondLight.ttf in Resources */,
				78DA61FA199CA8E4006066CF /* 11.wav in Resources */,
				78E785C219A345EA00D992F7 /* HDRListBox2.xib in Resources */,
				78237CD719552D2E00BE750D /* MainStoryboard.storyboard in Resources */,
				78237CE51955875900BE750D /* HDRHomeTableViewCell.xib in Resources */,
				78B1311B19592FFA00D74FD0 /* Hodor.wav in Resources */,
				78CCE6A319552C46009EA16B /* InfoPlist.strings in Resources */,
				786182E31994C6FF00B4BEFD /* 10.wav in Resources */,
				786182DF1994C6FF00B4BEFD /* 6.wav in Resources */,
				786182DE1994C6FF00B4BEFD /* 5.wav in Resources */,
				786182E11994C6FF00B4BEFD /* 8.wav in Resources */,
				78237CF3195698B200BE750D /* HDRInviteTableViewCell.xib in Resources */,
				787F4786195800100064BFCE /* Hodor-Echo.wav in Resources */,
				786182DA1994C6FF00B4BEFD /* 1.wav in Resources */,
				786182DD1994C6FF00B4BEFD /* 4.wav in Resources */,
				786182E01994C6FF00B4BEFD /* 7.wav in Resources */,
				786182E21994C6FF00B4BEFD /* 9.wav in Resources */,
				78237CEA1956814300BE750D /* HDRAddUserNameTableViewCell.xib in Resources */,
				78E785C719A3484800D992F7 /* HDRMessageTableViewCell.xib in Resources */,
				78DA61FB199CA8E4006066CF /* 12.wav in Resources */,
				78CCE6AB19552C46009EA16B /* Images.xcassets in Resources */,
				78745FEB198ECAE300650542 /* OpenSans-CondBold.ttf in Resources */,
				789F974C19AAA30A00BC323C /* CooperHewitt-Book.otf in Resources */,
				78E785AE19A2F71800D992F7 /* incoming.wav in Resources */,
				78237CDB1955853500BE750D /* Hodor1.wav in Resources */,
				780AFEA6196FB52800596CC6 /* HDRListBox.xib in Resources */,
				78E785B619A2F95E00D992F7 /* outgoing.wav in Resources */,
			);
			runOnlyForDeploymentPostprocessing = 0;
		};
		78CCE6AE19552C46009EA16B /* Resources */ = {
			isa = PBXResourcesBuildPhase;
			buildActionMask = 2147483647;
			files = (
				78CCE6BC19552C46009EA16B /* InfoPlist.strings in Resources */,
			);
			runOnlyForDeploymentPostprocessing = 0;
		};
/* End PBXResourcesBuildPhase section */

/* Begin PBXSourcesBuildPhase section */
		78CCE69119552C46009EA16B /* Sources */ = {
			isa = PBXSourcesBuildPhase;
			buildActionMask = 2147483647;
			files = (
				787956FE195898B800B903B2 /* HDRUtils.m in Sources */,
				78CCE6A519552C46009EA16B /* main.m in Sources */,
				78237CE91956814300BE750D /* HDRAddUserNameTableViewCell.m in Sources */,
				78E785BC19A32F2800D992F7 /* HDRMessage.m in Sources */,
				78B2211719A96B390059E0AB /* HDRListTableViewCell.m in Sources */,
				78B2210519A928520059E0AB /* HDRUpdater.m in Sources */,
				78CCB9B719A5909100A5BA99 /* HDRTranslator.m in Sources */,
				78B220F819A916A60059E0AB /* HDREntityTableViewCell.m in Sources */,
				78B2212719A9C5540059E0AB /* UIImageView+FastLoad.m in Sources */,
				78237CFE1956A22000BE750D /* HDRCurrentUser.m in Sources */,
				78237D041956BA6E00BE750D /* HDRNetworkProvider.m in Sources */,
				78237D011956B78400BE750D /* HDRCommon.m in Sources */,
				78CCE6A919552C46009EA16B /* HDRAppDelegate.m in Sources */,
				78237CDF1955867500BE750D /* HDRHomeViewController.m in Sources */,
				78E785C019A345DC00D992F7 /* HDRListBox2.m in Sources */,
				78237CE41955875900BE750D /* HDRHomeTableViewCell.m in Sources */,
				78237D071956BE1800BE750D /* HDRFriends.m in Sources */,
				78237CEE195690FA00BE750D /* HDRSetupViewController.m in Sources */,
				78E785C619A3484800D992F7 /* HDRMessageTableViewCell.m in Sources */,
				780AFEA0196FB4F900596CC6 /* UIImage+ImageEffects.m in Sources */,
				78237D0B1956BE5B00BE750D /* HDRUser.m in Sources */,
				780AFEA5196FB52800596CC6 /* HDRListBox.m in Sources */,
				78237CF61956991300BE750D /* HDRTableViewCell.m in Sources */,
				78E785B919A32A8800D992F7 /* HDRDateUtil.m in Sources */,
				78237CF2195698B200BE750D /* HDRInviteTableViewCell.m in Sources */,
				78745FF1198ED6EC00650542 /* HDRBaseViewController.m in Sources */,
			);
			runOnlyForDeploymentPostprocessing = 0;
		};
		78CCE6AC19552C46009EA16B /* Sources */ = {
			isa = PBXSourcesBuildPhase;
			buildActionMask = 2147483647;
			files = (
				78CCE6BE19552C46009EA16B /* HodorTests.m in Sources */,
			);
			runOnlyForDeploymentPostprocessing = 0;
		};
/* End PBXSourcesBuildPhase section */

/* Begin PBXTargetDependency section */
		78CCE6B619552C46009EA16B /* PBXTargetDependency */ = {
			isa = PBXTargetDependency;
			target = 78CCE69419552C46009EA16B /* Hodor */;
			targetProxy = 78CCE6B519552C46009EA16B /* PBXContainerItemProxy */;
		};
/* End PBXTargetDependency section */

/* Begin PBXVariantGroup section */
		78CCE6A119552C46009EA16B /* InfoPlist.strings */ = {
			isa = PBXVariantGroup;
			children = (
				78CCE6A219552C46009EA16B /* en */,
			);
			name = InfoPlist.strings;
			sourceTree = "<group>";
		};
		78CCE6BA19552C46009EA16B /* InfoPlist.strings */ = {
			isa = PBXVariantGroup;
			children = (
				78CCE6BB19552C46009EA16B /* en */,
			);
			name = InfoPlist.strings;
			sourceTree = "<group>";
		};
/* End PBXVariantGroup section */

/* Begin XCBuildConfiguration section */
		78CCE6BF19552C46009EA16B /* Debug */ = {
			isa = XCBuildConfiguration;
			buildSettings = {
				ALWAYS_SEARCH_USER_PATHS = NO;
				CLANG_CXX_LANGUAGE_STANDARD = "gnu++0x";
				CLANG_CXX_LIBRARY = "libc++";
				CLANG_ENABLE_MODULES = YES;
				CLANG_ENABLE_OBJC_ARC = YES;
				CLANG_WARN_BOOL_CONVERSION = YES;
				CLANG_WARN_CONSTANT_CONVERSION = YES;
				CLANG_WARN_DIRECT_OBJC_ISA_USAGE = YES_ERROR;
				CLANG_WARN_EMPTY_BODY = YES;
				CLANG_WARN_ENUM_CONVERSION = YES;
				CLANG_WARN_INT_CONVERSION = YES;
				CLANG_WARN_OBJC_ROOT_CLASS = YES_ERROR;
				CLANG_WARN__DUPLICATE_METHOD_MATCH = YES;
				"CODE_SIGN_IDENTITY[sdk=iphoneos*]" = "iPhone Developer";
				COPY_PHASE_STRIP = NO;
				GCC_C_LANGUAGE_STANDARD = gnu99;
				GCC_DYNAMIC_NO_PIC = NO;
				GCC_OPTIMIZATION_LEVEL = 0;
				GCC_PREPROCESSOR_DEFINITIONS = (
					"DEBUG=1",
					"$(inherited)",
				);
				GCC_SYMBOLS_PRIVATE_EXTERN = NO;
				GCC_WARN_64_TO_32_BIT_CONVERSION = YES;
				GCC_WARN_ABOUT_RETURN_TYPE = YES_ERROR;
				GCC_WARN_UNDECLARED_SELECTOR = YES;
				GCC_WARN_UNINITIALIZED_AUTOS = YES_AGGRESSIVE;
				GCC_WARN_UNUSED_FUNCTION = YES;
				GCC_WARN_UNUSED_VARIABLE = YES;
				IPHONEOS_DEPLOYMENT_TARGET = 7.1;
				ONLY_ACTIVE_ARCH = YES;
				SDKROOT = iphoneos;
			};
			name = Debug;
		};
		78CCE6C019552C46009EA16B /* Release */ = {
			isa = XCBuildConfiguration;
			buildSettings = {
				ALWAYS_SEARCH_USER_PATHS = NO;
				CLANG_CXX_LANGUAGE_STANDARD = "gnu++0x";
				CLANG_CXX_LIBRARY = "libc++";
				CLANG_ENABLE_MODULES = YES;
				CLANG_ENABLE_OBJC_ARC = YES;
				CLANG_WARN_BOOL_CONVERSION = YES;
				CLANG_WARN_CONSTANT_CONVERSION = YES;
				CLANG_WARN_DIRECT_OBJC_ISA_USAGE = YES_ERROR;
				CLANG_WARN_EMPTY_BODY = YES;
				CLANG_WARN_ENUM_CONVERSION = YES;
				CLANG_WARN_INT_CONVERSION = YES;
				CLANG_WARN_OBJC_ROOT_CLASS = YES_ERROR;
				CLANG_WARN__DUPLICATE_METHOD_MATCH = YES;
				"CODE_SIGN_IDENTITY[sdk=iphoneos*]" = "iPhone Developer";
				COPY_PHASE_STRIP = YES;
				ENABLE_NS_ASSERTIONS = NO;
				GCC_C_LANGUAGE_STANDARD = gnu99;
				GCC_WARN_64_TO_32_BIT_CONVERSION = YES;
				GCC_WARN_ABOUT_RETURN_TYPE = YES_ERROR;
				GCC_WARN_UNDECLARED_SELECTOR = YES;
				GCC_WARN_UNINITIALIZED_AUTOS = YES_AGGRESSIVE;
				GCC_WARN_UNUSED_FUNCTION = YES;
				GCC_WARN_UNUSED_VARIABLE = YES;
				IPHONEOS_DEPLOYMENT_TARGET = 7.1;
				SDKROOT = iphoneos;
				VALIDATE_PRODUCT = YES;
			};
			name = Release;
		};
		78CCE6C219552C46009EA16B /* Debug */ = {
			isa = XCBuildConfiguration;
			buildSettings = {
				ASSETCATALOG_COMPILER_APPICON_NAME = AppIcon;
				ASSETCATALOG_COMPILER_LAUNCHIMAGE_NAME = LaunchImage;
				CODE_SIGN_IDENTITY = "iPhone Developer";
				"CODE_SIGN_IDENTITY[sdk=iphoneos*]" = "iPhone Developer";
				FRAMEWORK_SEARCH_PATHS = (
					"$(inherited)",
					"/Users/srpanwar/Downloads/aws-ios-sdk-1.7.1",
				);
				GCC_PRECOMPILE_PREFIX_HEADER = YES;
				GCC_PREFIX_HEADER = "Hodor/Hodor-Prefix.pch";
				INFOPLIST_FILE = "Hodor/Hodor-Info.plist";
				PRODUCT_NAME = "$(TARGET_NAME)";
				PROVISIONING_PROFILE = "";
				WRAPPER_EXTENSION = app;
			};
			name = Debug;
		};
		78CCE6C319552C46009EA16B /* Release */ = {
			isa = XCBuildConfiguration;
			buildSettings = {
				ASSETCATALOG_COMPILER_APPICON_NAME = AppIcon;
				ASSETCATALOG_COMPILER_LAUNCHIMAGE_NAME = LaunchImage;
				CODE_SIGN_IDENTITY = "iPhone Developer";
				"CODE_SIGN_IDENTITY[sdk=iphoneos*]" = "iPhone Developer";
				FRAMEWORK_SEARCH_PATHS = (
					"$(inherited)",
					"/Users/srpanwar/Downloads/aws-ios-sdk-1.7.1",
				);
				GCC_PRECOMPILE_PREFIX_HEADER = YES;
				GCC_PREFIX_HEADER = "Hodor/Hodor-Prefix.pch";
				INFOPLIST_FILE = "Hodor/Hodor-Info.plist";
				PRODUCT_NAME = "$(TARGET_NAME)";
				PROVISIONING_PROFILE = "";
				WRAPPER_EXTENSION = app;
			};
			name = Release;
		};
		78CCE6C519552C46009EA16B /* Debug */ = {
			isa = XCBuildConfiguration;
			buildSettings = {
				BUNDLE_LOADER = "$(BUILT_PRODUCTS_DIR)/Hodor.app/Hodor";
				FRAMEWORK_SEARCH_PATHS = (
					"$(SDKROOT)/Developer/Library/Frameworks",
					"$(inherited)",
					"$(DEVELOPER_FRAMEWORKS_DIR)",
				);
				GCC_PRECOMPILE_PREFIX_HEADER = YES;
				GCC_PREFIX_HEADER = "Hodor/Hodor-Prefix.pch";
				GCC_PREPROCESSOR_DEFINITIONS = (
					"DEBUG=1",
					"$(inherited)",
				);
				INFOPLIST_FILE = "HodorTests/HodorTests-Info.plist";
				PRODUCT_NAME = "$(TARGET_NAME)";
				TEST_HOST = "$(BUNDLE_LOADER)";
				WRAPPER_EXTENSION = xctest;
			};
			name = Debug;
		};
		78CCE6C619552C46009EA16B /* Release */ = {
			isa = XCBuildConfiguration;
			buildSettings = {
				BUNDLE_LOADER = "$(BUILT_PRODUCTS_DIR)/Hodor.app/Hodor";
				FRAMEWORK_SEARCH_PATHS = (
					"$(SDKROOT)/Developer/Library/Frameworks",
					"$(inherited)",
					"$(DEVELOPER_FRAMEWORKS_DIR)",
				);
				GCC_PRECOMPILE_PREFIX_HEADER = YES;
				GCC_PREFIX_HEADER = "Hodor/Hodor-Prefix.pch";
				INFOPLIST_FILE = "HodorTests/HodorTests-Info.plist";
				PRODUCT_NAME = "$(TARGET_NAME)";
				TEST_HOST = "$(BUNDLE_LOADER)";
				WRAPPER_EXTENSION = xctest;
			};
			name = Release;
		};
/* End XCBuildConfiguration section */

/* Begin XCConfigurationList section */
		78CCE69019552C46009EA16B /* Build configuration list for PBXProject "Hodor" */ = {
			isa = XCConfigurationList;
			buildConfigurations = (
				78CCE6BF19552C46009EA16B /* Debug */,
				78CCE6C019552C46009EA16B /* Release */,
			);
			defaultConfigurationIsVisible = 0;
			defaultConfigurationName = Release;
		};
		78CCE6C119552C46009EA16B /* Build configuration list for PBXNativeTarget "Hodor" */ = {
			isa = XCConfigurationList;
			buildConfigurations = (
				78CCE6C219552C46009EA16B /* Debug */,
				78CCE6C319552C46009EA16B /* Release */,
			);
			defaultConfigurationIsVisible = 0;
			defaultConfigurationName = Release;
		};
		78CCE6C419552C46009EA16B /* Build configuration list for PBXNativeTarget "HodorTests" */ = {
			isa = XCConfigurationList;
			buildConfigurations = (
				78CCE6C519552C46009EA16B /* Debug */,
				78CCE6C619552C46009EA16B /* Release */,
			);
			defaultConfigurationIsVisible = 0;
			defaultConfigurationName = Release;
		};
/* End XCConfigurationList section */
	};
	rootObject = 78CCE68D19552C46009EA16B /* Project object */;
}
